<?xml version="1.0" encoding="utf-8"?>
<Project ToolsVersion="4.0" xmlns="http://schemas.microsoft.com/developer/msbuild/2003">
  <ItemGroup>
    <Filter Include="Файлы исходного кода">
      <UniqueIdentifier>{4FC737F1-C7A5-4376-A066-2A32D752A2FF}</UniqueIdentifier>
      <Extensions>cpp;c;cc;cxx;def;odl;idl;hpj;bat;asm;asmx</Extensions>
    </Filter>
    <Filter Include="Заголовочные файлы">
      <UniqueIdentifier>{93995380-89BD-4b04-88EB-625FBE52EBFB}</UniqueIdentifier>
      <Extensions>h;hpp;hxx;hm;inl;inc;xsd</Extensions>
    </Filter>
    <Filter Include="Файлы ресурсов">
      <UniqueIdentifier>{67DA6AB6-F800-4c08-8B7A-83BB121AAD01}</UniqueIdentifier>
      <Extensions>rc;ico;cur;bmp;dlg;rc2;rct;bin;rgs;gif;jpg;jpeg;jpe;resx;tiff;tif;png;wav;mfcribbon-ms</Extensions>
    </Filter>
    <Filter Include="Файлы исходного кода\dynasm">
      <UniqueIdentifier>{aab2422b-1bcd-4c48-92d0-759814c9d2cf}</UniqueIdentifier>
    </Filter>
  </ItemGroup>
  <ItemGroup>
    <None Include="ReadMe.txt" />
    <None Include="src\ljit_x86.dasc">
      <Filter>Файлы исходного кода</Filter>
    </None>
    <None Include="src\ljit_x86.dash">
      <Filter>Файлы исходного кода</Filter>
    </None>
    <None Include="src\ljit_x86_inline.dash">
      <Filter>Файлы исходного кода</Filter>
    </None>
  </ItemGroup>
  <ItemGroup>
    <ClCompile Include="src\lapi.c">
      <Filter>Файлы исходного кода</Filter>
    </ClCompile>
    <ClCompile Include="src\lauxlib.c">
      <Filter>Файлы исходного кода</Filter>
    </ClCompile>
    <ClCompile Include="src\lbaselib.c">
      <Filter>Файлы исходного кода</Filter>
    </ClCompile>
    <ClCompile Include="src\lcoco.c">
      <Filter>Файлы исходного кода</Filter>
    </ClCompile>
    <ClCompile Include="src\lcode.c">
      <Filter>Файлы исходного кода</Filter>
    </ClCompile>
    <ClCompile Include="src\ldblib.c">
      <Filter>Файлы исходного кода</Filter>
    </ClCompile>
    <ClCompile Include="src\ldo.c">
      <Filter>Файлы исходного кода</Filter>
    </ClCompile>
    <ClCompile Include="src\ldump.c">
      <Filter>Файлы исходного кода</Filter>
    </ClCompile>
    <ClCompile Include="src\lfunc.c">
      <Filter>Файлы исходного кода</Filter>
    </ClCompile>
    <ClCompile Include="src\lgc.c">
      <Filter>Файлы исходного кода</Filter>
    </ClCompile>
    <ClCompile Include="src\linit.c">
      <Filter>Файлы исходного кода</Filter>
    </ClCompile>
    <ClCompile Include="src\liolib.c">
      <Filter>Файлы исходного кода</Filter>
    </ClCompile>
    <ClCompile Include="src\ljit_backend.c">
      <Filter>Файлы исходного кода</Filter>
    </ClCompile>
    <ClCompile Include="src\ljit_core.c">
      <Filter>Файлы исходного кода</Filter>
    </ClCompile>
    <ClCompile Include="src\ljit_dasm.c">
      <Filter>Файлы исходного кода</Filter>
    </ClCompile>
    <ClCompile Include="src\ljitlib.c">
      <Filter>Файлы исходного кода</Filter>
    </ClCompile>
    <ClCompile Include="src\llex.c">
      <Filter>Файлы исходного кода</Filter>
    </ClCompile>
    <ClCompile Include="src\lmathlib.c">
      <Filter>Файлы исходного кода</Filter>
    </ClCompile>
    <ClCompile Include="src\lmem.c">
      <Filter>Файлы исходного кода</Filter>
    </ClCompile>
    <ClCompile Include="src\loadlib.c">
      <Filter>Файлы исходного кода</Filter>
    </ClCompile>
    <ClCompile Include="src\lobject.c">
      <Filter>Файлы исходного кода</Filter>
    </ClCompile>
    <ClCompile Include="src\lopcodes.c">
      <Filter>Файлы исходного кода</Filter>
    </ClCompile>
    <ClCompile Include="src\loslib.c">
      <Filter>Файлы исходного кода</Filter>
    </ClCompile>
    <ClCompile Include="src\lparser.c">
      <Filter>Файлы исходного кода</Filter>
    </ClCompile>
    <ClCompile Include="src\lstate.c">
      <Filter>Файлы исходного кода</Filter>
    </ClCompile>
    <ClCompile Include="src\lstring.c">
      <Filter>Файлы исходного кода</Filter>
    </ClCompile>
    <ClCompile Include="src\lstrlib.c">
      <Filter>Файлы исходного кода</Filter>
    </ClCompile>
    <ClCompile Include="src\ltable.c">
      <Filter>Файлы исходного кода</Filter>
    </ClCompile>
    <ClCompile Include="src\ltablib.c">
      <Filter>Файлы исходного кода</Filter>
    </ClCompile>
    <ClCompile Include="src\ltm.c">
      <Filter>Файлы исходного кода</Filter>
    </ClCompile>
    <ClCompile Include="src\lundump.c">
      <Filter>Файлы исходного кода</Filter>
    </ClCompile>
    <ClCompile Include="src\lvm.c">
      <Filter>Файлы исходного кода</Filter>
    </ClCompile>
    <ClCompile Include="src\lzio.c">
      <Filter>Файлы исходного кода</Filter>
    </ClCompile>
    <ClCompile Include="src\print.c">
      <Filter>Файлы исходного кода</Filter>
    </ClCompile>
    <ClCompile Include="src\ldebug.c">
      <Filter>Файлы исходного кода</Filter>
    </ClCompile>
    <ClCompile Include="src\ljit_mem.c">
      <Filter>Файлы исходного кода</Filter>
    </ClCompile>
  </ItemGroup>
  <ItemGroup>
    <ClInclude Include="src\lapi.h">
      <Filter>Файлы исходного кода</Filter>
    </ClInclude>
    <ClInclude Include="src\lauxlib.h">
      <Filter>Файлы исходного кода</Filter>
    </ClInclude>
    <ClInclude Include="src\lcoco.h">
      <Filter>Файлы исходного кода</Filter>
    </ClInclude>
    <ClInclude Include="src\lcode.h">
      <Filter>Файлы исходного кода</Filter>
    </ClInclude>
    <ClInclude Include="src\ldebug.h">
      <Filter>Файлы исходного кода</Filter>
    </ClInclude>
    <ClInclude Include="src\ldo.h">
      <Filter>Файлы исходного кода</Filter>
    </ClInclude>
    <ClInclude Include="src\lfunc.h">
      <Filter>Файлы исходного кода</Filter>
    </ClInclude>
    <ClInclude Include="src\lgc.h">
      <Filter>Файлы исходного кода</Filter>
    </ClInclude>
    <ClInclude Include="src\ljit.h">
      <Filter>Файлы исходного кода</Filter>
    </ClInclude>
    <ClInclude Include="src\ljit_dasm.h">
      <Filter>Файлы исходного кода</Filter>
    </ClInclude>
    <ClInclude Include="src\ljit_hints.h">
      <Filter>Файлы исходного кода</Filter>
    </ClInclude>
    <ClInclude Include="src\ljit_x86.h">
      <Filter>Файлы исходного кода</Filter>
    </ClInclude>
    <ClInclude Include="src\llex.h">
      <Filter>Файлы исходного кода</Filter>
    </ClInclude>
    <ClInclude Include="src\llimits.h">
      <Filter>Файлы исходного кода</Filter>
    </ClInclude>
    <ClInclude Include="src\lmem.h">
      <Filter>Файлы исходного кода</Filter>
    </ClInclude>
    <ClInclude Include="src\lobject.h">
      <Filter>Файлы исходного кода</Filter>
    </ClInclude>
    <ClInclude Include="src\lopcodes.h">
      <Filter>Файлы исходного кода</Filter>
    </ClInclude>
    <ClInclude Include="src\lparser.h">
      <Filter>Файлы исходного кода</Filter>
    </ClInclude>
    <ClInclude Include="src\lstate.h">
      <Filter>Файлы исходного кода</Filter>
    </ClInclude>
    <ClInclude Include="src\lstring.h">
      <Filter>Файлы исходного кода</Filter>
    </ClInclude>
    <ClInclude Include="src\ltable.h">
      <Filter>Файлы исходного кода</Filter>
    </ClInclude>
    <ClInclude Include="src\ltm.h">
      <Filter>Файлы исходного кода</Filter>
    </ClInclude>
    <ClInclude Include="src\lua.h">
      <Filter>Файлы исходного кода</Filter>
    </ClInclude>
    <ClInclude Include="src\luaconf.h">
      <Filter>Файлы исходного кода</Filter>
    </ClInclude>
    <ClInclude Include="src\luajit.h">
      <Filter>Файлы исходного кода</Filter>
    </ClInclude>
    <ClInclude Include="src\lualib.h">
      <Filter>Файлы исходного кода</Filter>
    </ClInclude>
    <ClInclude Include="src\lundump.h">
      <Filter>Файлы исходного кода</Filter>
    </ClInclude>
    <ClInclude Include="src\lvm.h">
      <Filter>Файлы исходного кода</Filter>
    </ClInclude>
    <ClInclude Include="src\lzio.h">
      <Filter>Файлы исходного кода</Filter>
    </ClInclude>
    <ClInclude Include="dynasm\dasm_proto.h">
      <Filter>Файлы исходного кода\dynasm</Filter>
    </ClInclude>
    <ClInclude Include="dynasm\dasm_x86.h">
      <Filter>Файлы исходного кода\dynasm</Filter>
    </ClInclude>
  </ItemGroup>
</Project>