
Microsoft Visual Studio Solution File, Format Version 12.00
# Visual Studio 2013
VisualStudioVersion = 12.0.30723.0
MinimumVisualStudioVersion = 10.0.40219.1
Project("{8BC9CEB8-8B4A-11D0-8D11-00A0C91BC942}") = "UniMod", "UniMod2.vcxproj", "{524F9888-4C22-461A-81F5-F46DDAAAE4FA}"
	ProjectSection(ProjectDependencies) = postProject
		{0008960E-E0DD-41A6-8265-00B31DDB4C21} = {0008960E-E0DD-41A6-8265-00B31DDB4C21}
		{66E3CE14-884D-4AEA-9F20-15A0BEAF8C5A} = {66E3CE14-884D-4AEA-9F20-15A0BEAF8C5A}
		{089C1067-A9D4-4098-986C-0BA43D734D0D} = {089C1067-A9D4-4098-986C-0BA43D734D0D}
	EndProjectSection
EndProject
Project("{8BC9CEB8-8B4A-11D0-8D11-00A0C91BC942}") = "libpng", "Libs\lpng151\projects\visualc71\libpng.vcxproj", "{0008960E-E0DD-41A6-8265-00B31DDB4C21}"
EndProject
Project("{8BC9CEB8-8B4A-11D0-8D11-00A0C91BC942}") = "zlib", "Libs\lpng151\projects\visualc71\zlib.vcxproj", "{2D4F8105-7D21-454C-9932-B47CAB71A5C0}"
EndProject
Project("{8BC9CEB8-8B4A-11D0-8D11-00A0C91BC942}") = "socket", "Libs\luasocket\socket.vcxproj", "{66E3CE14-884D-4AEA-9F20-15A0BEAF8C5A}"
	ProjectSection(ProjectDependencies) = postProject
		{089C1067-A9D4-4098-986C-0BA43D734D0D} = {089C1067-A9D4-4098-986C-0BA43D734D0D}
	EndProjectSection
EndProject
Project("{8BC9CEB8-8B4A-11D0-8D11-00A0C91BC942}") = "luajit", "Libs\LuaJIT-2.0.3\luajit.vcxproj", "{089C1067-A9D4-4098-986C-0BA43D734D0D}"
EndProject
Global
	GlobalSection(SolutionConfigurationPlatforms) = preSolution
		Debug|Win32 = Debug|Win32
		DLL ASM Debug|Win32 = DLL ASM Debug|Win32
		DLL ASM Release|Win32 = DLL ASM Release|Win32
		DLL Debug|Win32 = DLL Debug|Win32
		DLL Release|Win32 = DLL Release|Win32
		DLL VB|Win32 = DLL VB|Win32
		LIB ASM Debug|Win32 = LIB ASM Debug|Win32
		LIB ASM Release|Win32 = LIB ASM Release|Win32
		LIB Debug|Win32 = LIB Debug|Win32
		LIB Release|Win32 = LIB Release|Win32
		Release|Win32 = Release|Win32
	EndGlobalSection
	GlobalSection(ProjectConfigurationPlatforms) = postSolution
		{524F9888-4C22-461A-81F5-F46DDAAAE4FA}.Debug|Win32.ActiveCfg = Debug|Win32
		{524F9888-4C22-461A-81F5-F46DDAAAE4FA}.Debug|Win32.Build.0 = Debug|Win32
		{524F9888-4C22-461A-81F5-F46DDAAAE4FA}.DLL ASM Debug|Win32.ActiveCfg = Debug|Win32
		{524F9888-4C22-461A-81F5-F46DDAAAE4FA}.DLL ASM Debug|Win32.Build.0 = Debug|Win32
		{524F9888-4C22-461A-81F5-F46DDAAAE4FA}.DLL ASM Release|Win32.ActiveCfg = Release|Win32
		{524F9888-4C22-461A-81F5-F46DDAAAE4FA}.DLL ASM Release|Win32.Build.0 = Release|Win32
		{524F9888-4C22-461A-81F5-F46DDAAAE4FA}.DLL Debug|Win32.ActiveCfg = Debug|Win32
		{524F9888-4C22-461A-81F5-F46DDAAAE4FA}.DLL Debug|Win32.Build.0 = Debug|Win32
		{524F9888-4C22-461A-81F5-F46DDAAAE4FA}.DLL Release|Win32.ActiveCfg = Release|Win32
		{524F9888-4C22-461A-81F5-F46DDAAAE4FA}.DLL Release|Win32.Build.0 = Release|Win32
		{524F9888-4C22-461A-81F5-F46DDAAAE4FA}.DLL VB|Win32.ActiveCfg = Debug|Win32
		{524F9888-4C22-461A-81F5-F46DDAAAE4FA}.DLL VB|Win32.Build.0 = Debug|Win32
		{524F9888-4C22-461A-81F5-F46DDAAAE4FA}.LIB ASM Debug|Win32.ActiveCfg = Debug|Win32
		{524F9888-4C22-461A-81F5-F46DDAAAE4FA}.LIB ASM Debug|Win32.Build.0 = Debug|Win32
		{524F9888-4C22-461A-81F5-F46DDAAAE4FA}.LIB ASM Release|Win32.ActiveCfg = Release|Win32
		{524F9888-4C22-461A-81F5-F46DDAAAE4FA}.LIB ASM Release|Win32.Build.0 = Release|Win32
		{524F9888-4C22-461A-81F5-F46DDAAAE4FA}.LIB Debug|Win32.ActiveCfg = Debug|Win32
		{524F9888-4C22-461A-81F5-F46DDAAAE4FA}.LIB Debug|Win32.Build.0 = Debug|Win32
		{524F9888-4C22-461A-81F5-F46DDAAAE4FA}.LIB Release|Win32.ActiveCfg = Release|Win32
		{524F9888-4C22-461A-81F5-F46DDAAAE4FA}.LIB Release|Win32.Build.0 = Release|Win32
		{524F9888-4C22-461A-81F5-F46DDAAAE4FA}.Release|Win32.ActiveCfg = Release|Win32
		{524F9888-4C22-461A-81F5-F46DDAAAE4FA}.Release|Win32.Build.0 = Release|Win32
		{0008960E-E0DD-41A6-8265-00B31DDB4C21}.Debug|Win32.ActiveCfg = LIB Debug|Win32
		{0008960E-E0DD-41A6-8265-00B31DDB4C21}.Debug|Win32.Build.0 = LIB Debug|Win32
		{0008960E-E0DD-41A6-8265-00B31DDB4C21}.DLL ASM Debug|Win32.ActiveCfg = DLL VB|Win32
		{0008960E-E0DD-41A6-8265-00B31DDB4C21}.DLL ASM Debug|Win32.Build.0 = DLL VB|Win32
		{0008960E-E0DD-41A6-8265-00B31DDB4C21}.DLL ASM Release|Win32.ActiveCfg = DLL VB|Win32
		{0008960E-E0DD-41A6-8265-00B31DDB4C21}.DLL ASM Release|Win32.Build.0 = DLL VB|Win32
		{0008960E-E0DD-41A6-8265-00B31DDB4C21}.DLL Debug|Win32.ActiveCfg = DLL Debug|Win32
		{0008960E-E0DD-41A6-8265-00B31DDB4C21}.DLL Debug|Win32.Build.0 = DLL Debug|Win32
		{0008960E-E0DD-41A6-8265-00B31DDB4C21}.DLL Release|Win32.ActiveCfg = DLL Release|Win32
		{0008960E-E0DD-41A6-8265-00B31DDB4C21}.DLL Release|Win32.Build.0 = DLL Release|Win32
		{0008960E-E0DD-41A6-8265-00B31DDB4C21}.DLL VB|Win32.ActiveCfg = DLL VB|Win32
		{0008960E-E0DD-41A6-8265-00B31DDB4C21}.DLL VB|Win32.Build.0 = DLL VB|Win32
		{0008960E-E0DD-41A6-8265-00B31DDB4C21}.LIB ASM Debug|Win32.ActiveCfg = LIB Debug|Win32
		{0008960E-E0DD-41A6-8265-00B31DDB4C21}.LIB ASM Debug|Win32.Build.0 = LIB Debug|Win32
		{0008960E-E0DD-41A6-8265-00B31DDB4C21}.LIB ASM Release|Win32.ActiveCfg = LIB Debug|Win32
		{0008960E-E0DD-41A6-8265-00B31DDB4C21}.LIB ASM Release|Win32.Build.0 = LIB Debug|Win32
		{0008960E-E0DD-41A6-8265-00B31DDB4C21}.LIB Debug|Win32.ActiveCfg = LIB Debug|Win32
		{0008960E-E0DD-41A6-8265-00B31DDB4C21}.LIB Debug|Win32.Build.0 = LIB Debug|Win32
		{0008960E-E0DD-41A6-8265-00B31DDB4C21}.LIB Release|Win32.ActiveCfg = LIB Release|Win32
		{0008960E-E0DD-41A6-8265-00B31DDB4C21}.LIB Release|Win32.Build.0 = LIB Release|Win32
		{0008960E-E0DD-41A6-8265-00B31DDB4C21}.Release|Win32.ActiveCfg = LIB Release|Win32
		{0008960E-E0DD-41A6-8265-00B31DDB4C21}.Release|Win32.Build.0 = LIB Release|Win32
		{2D4F8105-7D21-454C-9932-B47CAB71A5C0}.Debug|Win32.ActiveCfg = LIB Debug|Win32
		{2D4F8105-7D21-454C-9932-B47CAB71A5C0}.Debug|Win32.Build.0 = LIB Debug|Win32
		{2D4F8105-7D21-454C-9932-B47CAB71A5C0}.DLL ASM Debug|Win32.ActiveCfg = DLL Debug|Win32
		{2D4F8105-7D21-454C-9932-B47CAB71A5C0}.DLL ASM Debug|Win32.Build.0 = DLL Debug|Win32
		{2D4F8105-7D21-454C-9932-B47CAB71A5C0}.DLL ASM Release|Win32.ActiveCfg = DLL Debug|Win32
		{2D4F8105-7D21-454C-9932-B47CAB71A5C0}.DLL ASM Release|Win32.Build.0 = DLL Debug|Win32
		{2D4F8105-7D21-454C-9932-B47CAB71A5C0}.DLL Debug|Win32.ActiveCfg = DLL Debug|Win32
		{2D4F8105-7D21-454C-9932-B47CAB71A5C0}.DLL Debug|Win32.Build.0 = DLL Debug|Win32
		{2D4F8105-7D21-454C-9932-B47CAB71A5C0}.DLL Release|Win32.ActiveCfg = DLL Release|Win32
		{2D4F8105-7D21-454C-9932-B47CAB71A5C0}.DLL Release|Win32.Build.0 = DLL Release|Win32
		{2D4F8105-7D21-454C-9932-B47CAB71A5C0}.DLL VB|Win32.ActiveCfg = DLL Debug|Win32
		{2D4F8105-7D21-454C-9932-B47CAB71A5C0}.DLL VB|Win32.Build.0 = DLL Debug|Win32
		{2D4F8105-7D21-454C-9932-B47CAB71A5C0}.LIB ASM Debug|Win32.ActiveCfg = LIB Debug|Win32
		{2D4F8105-7D21-454C-9932-B47CAB71A5C0}.LIB ASM Debug|Win32.Build.0 = LIB Debug|Win32
		{2D4F8105-7D21-454C-9932-B47CAB71A5C0}.LIB ASM Release|Win32.ActiveCfg = LIB Debug|Win32
		{2D4F8105-7D21-454C-9932-B47CAB71A5C0}.LIB ASM Release|Win32.Build.0 = LIB Debug|Win32
		{2D4F8105-7D21-454C-9932-B47CAB71A5C0}.LIB Debug|Win32.ActiveCfg = LIB Debug|Win32
		{2D4F8105-7D21-454C-9932-B47CAB71A5C0}.LIB Debug|Win32.Build.0 = LIB Debug|Win32
		{2D4F8105-7D21-454C-9932-B47CAB71A5C0}.LIB Release|Win32.ActiveCfg = LIB Release|Win32
		{2D4F8105-7D21-454C-9932-B47CAB71A5C0}.LIB Release|Win32.Build.0 = LIB Release|Win32
		{2D4F8105-7D21-454C-9932-B47CAB71A5C0}.Release|Win32.ActiveCfg = LIB Release|Win32
		{2D4F8105-7D21-454C-9932-B47CAB71A5C0}.Release|Win32.Build.0 = LIB Release|Win32
		{66E3CE14-884D-4AEA-9F20-15A0BEAF8C5A}.Debug|Win32.ActiveCfg = Debug|Win32
		{66E3CE14-884D-4AEA-9F20-15A0BEAF8C5A}.Debug|Win32.Build.0 = Debug|Win32
		{66E3CE14-884D-4AEA-9F20-15A0BEAF8C5A}.DLL ASM Debug|Win32.ActiveCfg = Debug|Win32
		{66E3CE14-884D-4AEA-9F20-15A0BEAF8C5A}.DLL ASM Debug|Win32.Build.0 = Debug|Win32
		{66E3CE14-884D-4AEA-9F20-15A0BEAF8C5A}.DLL ASM Release|Win32.ActiveCfg = Release|Win32
		{66E3CE14-884D-4AEA-9F20-15A0BEAF8C5A}.DLL ASM Release|Win32.Build.0 = Release|Win32
		{66E3CE14-884D-4AEA-9F20-15A0BEAF8C5A}.DLL Debug|Win32.ActiveCfg = Debug|Win32
		{66E3CE14-884D-4AEA-9F20-15A0BEAF8C5A}.DLL Debug|Win32.Build.0 = Debug|Win32
		{66E3CE14-884D-4AEA-9F20-15A0BEAF8C5A}.DLL Release|Win32.ActiveCfg = Release|Win32
		{66E3CE14-884D-4AEA-9F20-15A0BEAF8C5A}.DLL Release|Win32.Build.0 = Release|Win32
		{66E3CE14-884D-4AEA-9F20-15A0BEAF8C5A}.DLL VB|Win32.ActiveCfg = Debug|Win32
		{66E3CE14-884D-4AEA-9F20-15A0BEAF8C5A}.DLL VB|Win32.Build.0 = Debug|Win32
		{66E3CE14-884D-4AEA-9F20-15A0BEAF8C5A}.LIB ASM Debug|Win32.ActiveCfg = Debug|Win32
		{66E3CE14-884D-4AEA-9F20-15A0BEAF8C5A}.LIB ASM Debug|Win32.Build.0 = Debug|Win32
		{66E3CE14-884D-4AEA-9F20-15A0BEAF8C5A}.LIB ASM Release|Win32.ActiveCfg = Release|Win32
		{66E3CE14-884D-4AEA-9F20-15A0BEAF8C5A}.LIB ASM Release|Win32.Build.0 = Release|Win32
		{66E3CE14-884D-4AEA-9F20-15A0BEAF8C5A}.LIB Debug|Win32.ActiveCfg = Debug|Win32
		{66E3CE14-884D-4AEA-9F20-15A0BEAF8C5A}.LIB Debug|Win32.Build.0 = Debug|Win32
		{66E3CE14-884D-4AEA-9F20-15A0BEAF8C5A}.LIB Release|Win32.ActiveCfg = Release|Win32
		{66E3CE14-884D-4AEA-9F20-15A0BEAF8C5A}.LIB Release|Win32.Build.0 = Release|Win32
		{66E3CE14-884D-4AEA-9F20-15A0BEAF8C5A}.Release|Win32.ActiveCfg = Release|Win32
		{66E3CE14-884D-4AEA-9F20-15A0BEAF8C5A}.Release|Win32.Build.0 = Release|Win32
		{089C1067-A9D4-4098-986C-0BA43D734D0D}.Debug|Win32.ActiveCfg = Debug|Win32
		{089C1067-A9D4-4098-986C-0BA43D734D0D}.Debug|Win32.Build.0 = Debug|Win32
		{089C1067-A9D4-4098-986C-0BA43D734D0D}.DLL ASM Debug|Win32.ActiveCfg = Debug|Win32
		{089C1067-A9D4-4098-986C-0BA43D734D0D}.DLL ASM Debug|Win32.Build.0 = Debug|Win32
		{089C1067-A9D4-4098-986C-0BA43D734D0D}.DLL ASM Release|Win32.ActiveCfg = Release|Win32
		{089C1067-A9D4-4098-986C-0BA43D734D0D}.DLL ASM Release|Win32.Build.0 = Release|Win32
		{089C1067-A9D4-4098-986C-0BA43D734D0D}.DLL Debug|Win32.ActiveCfg = Debug|Win32
		{089C1067-A9D4-4098-986C-0BA43D734D0D}.DLL Debug|Win32.Build.0 = Debug|Win32
		{089C1067-A9D4-4098-986C-0BA43D734D0D}.DLL Release|Win32.ActiveCfg = Release|Win32
		{089C1067-A9D4-4098-986C-0BA43D734D0D}.DLL Release|Win32.Build.0 = Release|Win32
		{089C1067-A9D4-4098-986C-0BA43D734D0D}.DLL VB|Win32.ActiveCfg = Debug|Win32
		{089C1067-A9D4-4098-986C-0BA43D734D0D}.DLL VB|Win32.Build.0 = Debug|Win32
		{089C1067-A9D4-4098-986C-0BA43D734D0D}.LIB ASM Debug|Win32.ActiveCfg = Debug|Win32
		{089C1067-A9D4-4098-986C-0BA43D734D0D}.LIB ASM Debug|Win32.Build.0 = Debug|Win32
		{089C1067-A9D4-4098-986C-0BA43D734D0D}.LIB ASM Release|Win32.ActiveCfg = Release|Win32
		{089C1067-A9D4-4098-986C-0BA43D734D0D}.LIB ASM Release|Win32.Build.0 = Release|Win32
		{089C1067-A9D4-4098-986C-0BA43D734D0D}.LIB Debug|Win32.ActiveCfg = Debug|Win32
		{089C1067-A9D4-4098-986C-0BA43D734D0D}.LIB Debug|Win32.Build.0 = Debug|Win32
		{089C1067-A9D4-4098-986C-0BA43D734D0D}.LIB Release|Win32.ActiveCfg = Release|Win32
		{089C1067-A9D4-4098-986C-0BA43D734D0D}.LIB Release|Win32.Build.0 = Release|Win32
		{089C1067-A9D4-4098-986C-0BA43D734D0D}.Release|Win32.ActiveCfg = Release|Win32
		{089C1067-A9D4-4098-986C-0BA43D734D0D}.Release|Win32.Build.0 = Release|Win32
	EndGlobalSection
	GlobalSection(SolutionProperties) = preSolution
		HideSolutionNode = FALSE
	EndGlobalSection
EndGlobal
