<?xml version="1.0" encoding="utf-8"?>
<Project ToolsVersion="4.0" xmlns="http://schemas.microsoft.com/developer/msbuild/2003">
  <ItemGroup>
    <Filter Include="Source Files">
      <UniqueIdentifier>{8fe9ac8c-897f-40b3-8009-10f9dae9aaf5}</UniqueIdentifier>
    </Filter>
    <Filter Include="Source Files\Resource Files">
      <UniqueIdentifier>{67DA6AB6-F800-4c08-8B7A-83BB121AAD01}</UniqueIdentifier>
      <Extensions>rc;ico;cur;bmp;dlg;rc2;rct;bin;rgs;gif;jpg;jpeg;jpe;resx;tiff;tif;png;wav</Extensions>
    </Filter>
    <Filter Include="Source Files\Util">
      <UniqueIdentifier>{34a4119e-e5fa-4d1a-a6b2-f45351fb5b5f}</UniqueIdentifier>
    </Filter>
    <Filter Include="Source Files\Util\bzip2">
      <UniqueIdentifier>{e6ea556f-e87f-4748-8683-24e09f1b9917}</UniqueIdentifier>
    </Filter>
    <Filter Include="Source Files\server">
      <UniqueIdentifier>{5f7fcda7-1c8b-410a-be55-6528009636dc}</UniqueIdentifier>
    </Filter>
    <Filter Include="Source Files\client">
      <UniqueIdentifier>{ea430b2d-f699-4fd9-9c67-f93e0d02c4d1}</UniqueIdentifier>
    </Filter>
    <Filter Include="Source Files\map">
      <UniqueIdentifier>{6513d6ef-7e02-403a-a365-9f89d9fe3e54}</UniqueIdentifier>
    </Filter>
    <Filter Include="lib">
      <UniqueIdentifier>{1b884322-9afd-4145-9d5c-3778f7a00823}</UniqueIdentifier>
    </Filter>
    <Filter Include="Source Files\client\Windows">
      <UniqueIdentifier>{637151d7-d560-4954-a969-28c457acec80}</UniqueIdentifier>
    </Filter>
    <Filter Include="Source Files\server\player">
      <UniqueIdentifier>{83c77bc4-3c12-49bf-9011-053080db158f}</UniqueIdentifier>
    </Filter>
    <Filter Include="Source Files\server\unit">
      <UniqueIdentifier>{ec9b412c-14f4-466e-8278-753ed28aeb8e}</UniqueIdentifier>
    </Filter>
  </ItemGroup>
  <ItemGroup>
    <ClCompile Include="admin.cpp">
      <Filter>Source Files\Util</Filter>
    </ClCompile>
    <ClCompile Include="bugsAndChips.cpp">
      <Filter>Source Files\Util</Filter>
    </ClCompile>
    <ClCompile Include="imageUtil.cpp">
      <Filter>Source Files\Util</Filter>
    </ClCompile>
    <ClCompile Include="Libs\json.c">
      <Filter>Source Files\Util</Filter>
    </ClCompile>
    <ClCompile Include="Libs\lpeg.c">
      <Filter>Source Files\Util</Filter>
    </ClCompile>
    <ClCompile Include="mapUtil.cpp">
      <Filter>Source Files\Util</Filter>
    </ClCompile>
    <ClCompile Include="polygon.cpp">
      <Filter>Source Files\Util</Filter>
    </ClCompile>
    <ClCompile Include="SendBuffer.cpp">
      <Filter>Source Files\Util</Filter>
    </ClCompile>
    <ClCompile Include="Libs\csha1\SHA1.cpp">
      <Filter>Source Files\Util</Filter>
    </ClCompile>
    <ClCompile Include="stdafx.cpp">
      <Filter>Source Files\Util</Filter>
    </ClCompile>
    <ClCompile Include="UniMod.cpp">
      <Filter>Source Files\Util</Filter>
    </ClCompile>
    <ClCompile Include="util.cpp">
      <Filter>Source Files\Util</Filter>
    </ClCompile>
    <ClCompile Include="Libs\webserver.cpp">
      <Filter>Source Files\Util</Filter>
    </ClCompile>
    <ClCompile Include="bzip2\blocksort.c">
      <Filter>Source Files\Util\bzip2</Filter>
    </ClCompile>
    <ClCompile Include="bzip2\bzlib.c">
      <Filter>Source Files\Util\bzip2</Filter>
    </ClCompile>
    <ClCompile Include="bzip2\compress.c">
      <Filter>Source Files\Util\bzip2</Filter>
    </ClCompile>
    <ClCompile Include="bzip2\crctable.c">
      <Filter>Source Files\Util\bzip2</Filter>
    </ClCompile>
    <ClCompile Include="bzip2\decompress.c">
      <Filter>Source Files\Util\bzip2</Filter>
    </ClCompile>
    <ClCompile Include="bzip2\huffman.c">
      <Filter>Source Files\Util\bzip2</Filter>
    </ClCompile>
    <ClCompile Include="bzip2\randtable.c">
      <Filter>Source Files\Util\bzip2</Filter>
    </ClCompile>
    <ClCompile Include="audServer.cpp">
      <Filter>Source Files\server</Filter>
    </ClCompile>
    <ClCompile Include="authManager.cpp">
      <Filter>Source Files\server</Filter>
    </ClCompile>
    <ClCompile Include="autoServer.cpp">
      <Filter>Source Files\server</Filter>
    </ClCompile>
    <ClCompile Include="defs.cpp">
      <Filter>Source Files\server</Filter>
    </ClCompile>
    <ClCompile Include="net.cpp">
      <Filter>Source Files\server</Filter>
    </ClCompile>
    <ClCompile Include="react.cpp">
      <Filter>Source Files\server</Filter>
    </ClCompile>
    <ClCompile Include="score.cpp">
      <Filter>Source Files\server</Filter>
    </ClCompile>
    <ClCompile Include="spells.cpp">
      <Filter>Source Files\server</Filter>
    </ClCompile>
    <ClCompile Include="clientView.cpp">
      <Filter>Source Files\client</Filter>
    </ClCompile>
    <ClCompile Include="cliUtil.cpp">
      <Filter>Source Files\client</Filter>
    </ClCompile>
    <ClCompile Include="console.cpp">
      <Filter>Source Files\client</Filter>
    </ClCompile>
    <ClCompile Include="fxBuff.cpp">
      <Filter>Source Files\client</Filter>
    </ClCompile>
    <ClCompile Include="gui.cpp">
      <Filter>Source Files\client</Filter>
    </ClCompile>
    <ClCompile Include="keys.cpp">
      <Filter>Source Files\client</Filter>
    </ClCompile>
    <ClCompile Include="replays.cpp">
      <Filter>Source Files\client</Filter>
    </ClCompile>
    <ClCompile Include="spellGet.cpp">
      <Filter>Source Files\client</Filter>
    </ClCompile>
    <ClCompile Include="spelList.cpp">
      <Filter>Source Files\client</Filter>
    </ClCompile>
    <ClCompile Include="sprite.cpp">
      <Filter>Source Files\client</Filter>
    </ClCompile>
    <ClCompile Include="filesystem.cpp">
      <Filter>Source Files\map</Filter>
    </ClCompile>
    <ClCompile Include="map.cpp">
      <Filter>Source Files\map</Filter>
    </ClCompile>
    <ClCompile Include="tiles.cpp">
      <Filter>Source Files\map</Filter>
    </ClCompile>
    <ClCompile Include="Waypoints.cpp">
      <Filter>Source Files\map</Filter>
    </ClCompile>
    <ClCompile Include="windows.cpp">
      <Filter>Source Files\client\Windows</Filter>
    </ClCompile>
    <ClCompile Include="windowMsg.cpp">
      <Filter>Source Files\client\Windows</Filter>
    </ClCompile>
    <ClCompile Include="windowsUniModFunction.cpp">
      <Filter>Source Files\client\Windows</Filter>
    </ClCompile>
    <ClCompile Include="player.cpp">
      <Filter>Source Files\server\player</Filter>
    </ClCompile>
    <ClCompile Include="unit2.cpp">
      <Filter>Source Files\server\unit</Filter>
    </ClCompile>
    <ClCompile Include="unit.cpp">
      <Filter>Source Files\server\unit</Filter>
    </ClCompile>
    <ClCompile Include="unitExternFunction.cpp">
      <Filter>Source Files\server\unit</Filter>
    </ClCompile>
    <ClCompile Include="playerExternFunction.cpp">
      <Filter>Source Files\server\player</Filter>
    </ClCompile>
    <ClCompile Include="libVer.cpp">
      <Filter>Source Files\Util</Filter>
    </ClCompile>
    <ClCompile Include="lua_addons.cpp">
      <Filter>Source Files\Util</Filter>
    </ClCompile>
    <ClCompile Include="SDL.cpp">
      <Filter>Source Files\Util</Filter>
    </ClCompile>
  </ItemGroup>
  <ItemGroup>
    <ClInclude Include="Libs\lpeg.h">
      <Filter>Source Files\Util</Filter>
    </ClInclude>
    <ClInclude Include="Libs\csha1\SHA1.h">
      <Filter>Source Files\Util</Filter>
    </ClInclude>
    <ClInclude Include="stdafx.h">
      <Filter>Source Files\Util</Filter>
    </ClInclude>
    <ClInclude Include="bzip2\bzlib.h">
      <Filter>Source Files\Util\bzip2</Filter>
    </ClInclude>
    <ClInclude Include="bzip2\bzlib_private.h">
      <Filter>Source Files\Util\bzip2</Filter>
    </ClInclude>
    <ClInclude Include="windowUniMod.h">
      <Filter>Source Files\client\Windows</Filter>
    </ClInclude>
    <ClInclude Include="unit.h">
      <Filter>Source Files\server\unit</Filter>
    </ClInclude>
    <ClInclude Include="player.h">
      <Filter>Source Files\server\player</Filter>
    </ClInclude>
  </ItemGroup>
  <ItemGroup>
    <Library Include="Libs\libpng.lib" />
    <Library Include="Libs\zlib.lib" />
    <Library Include="Libs\socket.lib" />
    <Library Include="Libs\luajit.lib" />
    <Library Include="Libs\freetype.lib" />
    <Library Include="Libs\SDL2.lib" />
    <Library Include="Libs\SDL2_ttf.lib" />
  </ItemGroup>
</Project>