
Microsoft Visual Studio Solution File, Format Version 12.00
# Visual Studio Express 2012 for Windows Desktop
Project("{8BC9CEB8-8B4A-11D0-8D11-00A0C91BC942}") = "UniMod2 Main DLL", "UniMod2\UniMod2.vcxproj", "{DA7650CB-BA40-4CD2-B857-FFB98F7E183E}"
	ProjectSection(ProjectDependencies) = postProject
		{B773518C-29A0-4ADC-8BA9-1B9ADC6E32C6} = {B773518C-29A0-4ADC-8BA9-1B9ADC6E32C6}
		{23AA87C4-19FC-476F-BA7C-572EBD67C17B} = {23AA87C4-19FC-476F-BA7C-572EBD67C17B}
	EndProjectSection
EndProject
Project("{8BC9CEB8-8B4A-11D0-8D11-00A0C91BC942}") = "mss32 Proxy DLL", "mss32\mss32.vcxproj", "{B773518C-29A0-4ADC-8BA9-1B9ADC6E32C6}"
EndProject
Project("{8BC9CEB8-8B4A-11D0-8D11-00A0C91BC942}") = "luaJIT_MVS", "LuaJIT-2.0.3\src\luaJIT_MVS.vcxproj", "{23AA87C4-19FC-476F-BA7C-572EBD67C17B}"
EndProject
Global
	GlobalSection(SolutionConfigurationPlatforms) = preSolution
		Debug|Win32 = Debug|Win32
		Release|Win32 = Release|Win32
	EndGlobalSection
	GlobalSection(ProjectConfigurationPlatforms) = postSolution
		{DA7650CB-BA40-4CD2-B857-FFB98F7E183E}.Debug|Win32.ActiveCfg = Debug|Win32
		{DA7650CB-BA40-4CD2-B857-FFB98F7E183E}.Debug|Win32.Build.0 = Debug|Win32
		{DA7650CB-BA40-4CD2-B857-FFB98F7E183E}.Release|Win32.ActiveCfg = Release|Win32
		{DA7650CB-BA40-4CD2-B857-FFB98F7E183E}.Release|Win32.Build.0 = Release|Win32
		{B773518C-29A0-4ADC-8BA9-1B9ADC6E32C6}.Debug|Win32.ActiveCfg = Debug|Win32
		{B773518C-29A0-4ADC-8BA9-1B9ADC6E32C6}.Debug|Win32.Build.0 = Debug|Win32
		{B773518C-29A0-4ADC-8BA9-1B9ADC6E32C6}.Release|Win32.ActiveCfg = Release|Win32
		{B773518C-29A0-4ADC-8BA9-1B9ADC6E32C6}.Release|Win32.Build.0 = Release|Win32
		{23AA87C4-19FC-476F-BA7C-572EBD67C17B}.Debug|Win32.ActiveCfg = Debug|Win32
		{23AA87C4-19FC-476F-BA7C-572EBD67C17B}.Debug|Win32.Build.0 = Debug|Win32
		{23AA87C4-19FC-476F-BA7C-572EBD67C17B}.Release|Win32.ActiveCfg = Release|Win32
		{23AA87C4-19FC-476F-BA7C-572EBD67C17B}.Release|Win32.Build.0 = Release|Win32
	EndGlobalSection
	GlobalSection(SolutionProperties) = preSolution
		HideSolutionNode = FALSE
	EndGlobalSection
EndGlobal
