
Microsoft Visual Studio Solution File, Format Version 12.00
# Visual Studio 15
VisualStudioVersion = 15.0.27130.2036
MinimumVisualStudioVersion = 10.0.40219.1
Project("{8BC9CEB8-8B4A-11D0-8D11-00A0C91BC942}") = "UniMod", "UniMod2.vcxproj", "{524F9888-4C22-461A-81F5-F46DDAAAE4FA}"
	ProjectSection(ProjectDependencies) = postProject
		{0008960E-E0DD-41A6-8265-00B31DDB4C21} = {0008960E-E0DD-41A6-8265-00B31DDB4C21}
		{66E3CE14-884D-4AEA-9F20-15A0BEAF8C5A} = {66E3CE14-884D-4AEA-9F20-15A0BEAF8C5A}
		{089C1067-A9D4-4098-986C-0BA43D734D0D} = {089C1067-A9D4-4098-986C-0BA43D734D0D}
		{DDDBD07D-DC76-4AF6-8D02-3E2DEB6EE255} = {DDDBD07D-DC76-4AF6-8D02-3E2DEB6EE255}
		{235B5088-A013-479A-8C28-C5ED38DD5A41} = {235B5088-A013-479A-8C28-C5ED38DD5A41}
		{D31C39A4-F640-4936-98A0-BAB7AD1273AD} = {D31C39A4-F640-4936-98A0-BAB7AD1273AD}
	EndProjectSection
EndProject
Project("{8BC9CEB8-8B4A-11D0-8D11-00A0C91BC942}") = "libpng", "Libs\lpng151\projects\visualc71\libpng.vcxproj", "{0008960E-E0DD-41A6-8265-00B31DDB4C21}"
EndProject
Project("{8BC9CEB8-8B4A-11D0-8D11-00A0C91BC942}") = "zlib", "Libs\lpng151\projects\visualc71\zlib.vcxproj", "{2D4F8105-7D21-454C-9932-B47CAB71A5C0}"
EndProject
Project("{8BC9CEB8-8B4A-11D0-8D11-00A0C91BC942}") = "socket", "Libs\luasocket\socket.vcxproj", "{66E3CE14-884D-4AEA-9F20-15A0BEAF8C5A}"
	ProjectSection(ProjectDependencies) = postProject
		{089C1067-A9D4-4098-986C-0BA43D734D0D} = {089C1067-A9D4-4098-986C-0BA43D734D0D}
	EndProjectSection
EndProject
Project("{2150E333-8FDC-42A3-9474-1A3956D46DE8}") = "Libs", "Libs", "{201A8282-37C4-4589-98EA-8BCEC75BF1E3}"
EndProject
Project("{2150E333-8FDC-42A3-9474-1A3956D46DE8}") = "SDL", "SDL", "{753E99FE-1FF5-4503-8CF6-33E6CDED0B2D}"
EndProject
Project("{8BC9CEB8-8B4A-11D0-8D11-00A0C91BC942}") = "freetype", "Libs\SDL\freetype-2.5.5\builds\windows\vc2010\freetype.vcxproj", "{78B079BD-9FC7-4B9E-B4A6-96DA0F00248B}"
EndProject
Project("{8BC9CEB8-8B4A-11D0-8D11-00A0C91BC942}") = "SDL2_ttf", "Libs\SDL\SDL2_ttf-2.0.12\VisualC\SDL_ttf_VS2012.vcxproj", "{DDDBD07D-DC76-4AF6-8D02-3E2DEB6EE255}"
	ProjectSection(ProjectDependencies) = postProject
		{D31C39A4-F640-4936-98A0-BAB7AD1273AD} = {D31C39A4-F640-4936-98A0-BAB7AD1273AD}
		{78B079BD-9FC7-4B9E-B4A6-96DA0F00248B} = {78B079BD-9FC7-4B9E-B4A6-96DA0F00248B}
	EndProjectSection
EndProject
Project("{8BC9CEB8-8B4A-11D0-8D11-00A0C91BC942}") = "VQA_XCC", "Libs\SDL\VQA\VQA_XCC.vcxproj", "{235B5088-A013-479A-8C28-C5ED38DD5A41}"
EndProject
Project("{8BC9CEB8-8B4A-11D0-8D11-00A0C91BC942}") = "SDL2", "Libs\SDL\SDL2-2.0.8\VisualC\SDL\SDL.vcxproj", "{D31C39A4-F640-4936-98A0-BAB7AD1273AD}"
EndProject
Project("{8BC9CEB8-8B4A-11D0-8D11-00A0C91BC942}") = "UniModNew", "UniModNew.vcxproj", "{FED394C2-85EC-436E-8DB6-90EF30835F9F}"
	ProjectSection(ProjectDependencies) = postProject
		{2D4F8105-7D21-454C-9932-B47CAB71A5C0} = {2D4F8105-7D21-454C-9932-B47CAB71A5C0}
		{0008960E-E0DD-41A6-8265-00B31DDB4C21} = {0008960E-E0DD-41A6-8265-00B31DDB4C21}
		{66E3CE14-884D-4AEA-9F20-15A0BEAF8C5A} = {66E3CE14-884D-4AEA-9F20-15A0BEAF8C5A}
		{089C1067-A9D4-4098-986C-0BA43D734D0D} = {089C1067-A9D4-4098-986C-0BA43D734D0D}
		{DDDBD07D-DC76-4AF6-8D02-3E2DEB6EE255} = {DDDBD07D-DC76-4AF6-8D02-3E2DEB6EE255}
		{235B5088-A013-479A-8C28-C5ED38DD5A41} = {235B5088-A013-479A-8C28-C5ED38DD5A41}
		{D31C39A4-F640-4936-98A0-BAB7AD1273AD} = {D31C39A4-F640-4936-98A0-BAB7AD1273AD}
		{78B079BD-9FC7-4B9E-B4A6-96DA0F00248B} = {78B079BD-9FC7-4B9E-B4A6-96DA0F00248B}
	EndProjectSection
EndProject
Project("{8BC9CEB8-8B4A-11D0-8D11-00A0C91BC942}") = "UniModNew2", "UniModNew2.vcxproj", "{27489FC8-6E9F-4D25-B29C-3BBB982C65F5}"
	ProjectSection(ProjectDependencies) = postProject
		{2D4F8105-7D21-454C-9932-B47CAB71A5C0} = {2D4F8105-7D21-454C-9932-B47CAB71A5C0}
		{0008960E-E0DD-41A6-8265-00B31DDB4C21} = {0008960E-E0DD-41A6-8265-00B31DDB4C21}
		{66E3CE14-884D-4AEA-9F20-15A0BEAF8C5A} = {66E3CE14-884D-4AEA-9F20-15A0BEAF8C5A}
		{089C1067-A9D4-4098-986C-0BA43D734D0D} = {089C1067-A9D4-4098-986C-0BA43D734D0D}
		{DDDBD07D-DC76-4AF6-8D02-3E2DEB6EE255} = {DDDBD07D-DC76-4AF6-8D02-3E2DEB6EE255}
		{235B5088-A013-479A-8C28-C5ED38DD5A41} = {235B5088-A013-479A-8C28-C5ED38DD5A41}
		{D31C39A4-F640-4936-98A0-BAB7AD1273AD} = {D31C39A4-F640-4936-98A0-BAB7AD1273AD}
		{78B079BD-9FC7-4B9E-B4A6-96DA0F00248B} = {78B079BD-9FC7-4B9E-B4A6-96DA0F00248B}
	EndProjectSection
EndProject
Project("{8BC9CEB8-8B4A-11D0-8D11-00A0C91BC942}") = "luajit", "Libs\LuaJIT-2.0.3\luajit.vcxproj", "{089C1067-A9D4-4098-986C-0BA43D734D0D}"
EndProject
Global
	GlobalSection(SolutionConfigurationPlatforms) = preSolution
		Debug Multithreaded|Win32 = Debug Multithreaded|Win32
		Debug Multithreaded|x64 = Debug Multithreaded|x64
		Debug Singlethreaded|Win32 = Debug Singlethreaded|Win32
		Debug Singlethreaded|x64 = Debug Singlethreaded|x64
		Debug|Win32 = Debug|Win32
		Debug|x64 = Debug|x64
		DLL ASM Debug|Win32 = DLL ASM Debug|Win32
		DLL ASM Debug|x64 = DLL ASM Debug|x64
		DLL ASM Release|Win32 = DLL ASM Release|Win32
		DLL ASM Release|x64 = DLL ASM Release|x64
		DLL Debug|Win32 = DLL Debug|Win32
		DLL Debug|x64 = DLL Debug|x64
		DLL Release|Win32 = DLL Release|Win32
		DLL Release|x64 = DLL Release|x64
		DLL VB|Win32 = DLL VB|Win32
		DLL VB|x64 = DLL VB|x64
		LIB ASM Debug|Win32 = LIB ASM Debug|Win32
		LIB ASM Debug|x64 = LIB ASM Debug|x64
		LIB ASM Release|Win32 = LIB ASM Release|Win32
		LIB ASM Release|x64 = LIB ASM Release|x64
		LIB Debug|Win32 = LIB Debug|Win32
		LIB Debug|x64 = LIB Debug|x64
		LIB Release|Win32 = LIB Release|Win32
		LIB Release|x64 = LIB Release|x64
		Release Multithreaded|Win32 = Release Multithreaded|Win32
		Release Multithreaded|x64 = Release Multithreaded|x64
		Release Singlethreaded|Win32 = Release Singlethreaded|Win32
		Release Singlethreaded|x64 = Release Singlethreaded|x64
		Release|Win32 = Release|Win32
		Release|x64 = Release|x64
	EndGlobalSection
	GlobalSection(ProjectConfigurationPlatforms) = postSolution
		{524F9888-4C22-461A-81F5-F46DDAAAE4FA}.Debug Multithreaded|Win32.ActiveCfg = Debug|Win32
		{524F9888-4C22-461A-81F5-F46DDAAAE4FA}.Debug Multithreaded|Win32.Build.0 = Debug|Win32
		{524F9888-4C22-461A-81F5-F46DDAAAE4FA}.Debug Multithreaded|x64.ActiveCfg = Debug|Win32
		{524F9888-4C22-461A-81F5-F46DDAAAE4FA}.Debug Singlethreaded|Win32.ActiveCfg = Debug|Win32
		{524F9888-4C22-461A-81F5-F46DDAAAE4FA}.Debug Singlethreaded|Win32.Build.0 = Debug|Win32
		{524F9888-4C22-461A-81F5-F46DDAAAE4FA}.Debug Singlethreaded|x64.ActiveCfg = Debug|Win32
		{524F9888-4C22-461A-81F5-F46DDAAAE4FA}.Debug|Win32.ActiveCfg = Debug|Win32
		{524F9888-4C22-461A-81F5-F46DDAAAE4FA}.Debug|Win32.Build.0 = Debug|Win32
		{524F9888-4C22-461A-81F5-F46DDAAAE4FA}.Debug|x64.ActiveCfg = Debug|Win32
		{524F9888-4C22-461A-81F5-F46DDAAAE4FA}.DLL ASM Debug|Win32.ActiveCfg = Debug|Win32
		{524F9888-4C22-461A-81F5-F46DDAAAE4FA}.DLL ASM Debug|Win32.Build.0 = Debug|Win32
		{524F9888-4C22-461A-81F5-F46DDAAAE4FA}.DLL ASM Debug|x64.ActiveCfg = Debug|Win32
		{524F9888-4C22-461A-81F5-F46DDAAAE4FA}.DLL ASM Release|Win32.ActiveCfg = Release|Win32
		{524F9888-4C22-461A-81F5-F46DDAAAE4FA}.DLL ASM Release|Win32.Build.0 = Release|Win32
		{524F9888-4C22-461A-81F5-F46DDAAAE4FA}.DLL ASM Release|x64.ActiveCfg = Release|Win32
		{524F9888-4C22-461A-81F5-F46DDAAAE4FA}.DLL Debug|Win32.ActiveCfg = Debug|Win32
		{524F9888-4C22-461A-81F5-F46DDAAAE4FA}.DLL Debug|Win32.Build.0 = Debug|Win32
		{524F9888-4C22-461A-81F5-F46DDAAAE4FA}.DLL Debug|x64.ActiveCfg = Debug|Win32
		{524F9888-4C22-461A-81F5-F46DDAAAE4FA}.DLL Release|Win32.ActiveCfg = Release|Win32
		{524F9888-4C22-461A-81F5-F46DDAAAE4FA}.DLL Release|Win32.Build.0 = Release|Win32
		{524F9888-4C22-461A-81F5-F46DDAAAE4FA}.DLL Release|x64.ActiveCfg = Release|Win32
		{524F9888-4C22-461A-81F5-F46DDAAAE4FA}.DLL VB|Win32.ActiveCfg = Debug|Win32
		{524F9888-4C22-461A-81F5-F46DDAAAE4FA}.DLL VB|Win32.Build.0 = Debug|Win32
		{524F9888-4C22-461A-81F5-F46DDAAAE4FA}.DLL VB|x64.ActiveCfg = Debug|Win32
		{524F9888-4C22-461A-81F5-F46DDAAAE4FA}.LIB ASM Debug|Win32.ActiveCfg = Debug|Win32
		{524F9888-4C22-461A-81F5-F46DDAAAE4FA}.LIB ASM Debug|Win32.Build.0 = Debug|Win32
		{524F9888-4C22-461A-81F5-F46DDAAAE4FA}.LIB ASM Debug|x64.ActiveCfg = Debug|Win32
		{524F9888-4C22-461A-81F5-F46DDAAAE4FA}.LIB ASM Release|Win32.ActiveCfg = Release|Win32
		{524F9888-4C22-461A-81F5-F46DDAAAE4FA}.LIB ASM Release|Win32.Build.0 = Release|Win32
		{524F9888-4C22-461A-81F5-F46DDAAAE4FA}.LIB ASM Release|x64.ActiveCfg = Release|Win32
		{524F9888-4C22-461A-81F5-F46DDAAAE4FA}.LIB Debug|Win32.ActiveCfg = Debug|Win32
		{524F9888-4C22-461A-81F5-F46DDAAAE4FA}.LIB Debug|Win32.Build.0 = Debug|Win32
		{524F9888-4C22-461A-81F5-F46DDAAAE4FA}.LIB Debug|x64.ActiveCfg = Debug|Win32
		{524F9888-4C22-461A-81F5-F46DDAAAE4FA}.LIB Release|Win32.ActiveCfg = Release|Win32
		{524F9888-4C22-461A-81F5-F46DDAAAE4FA}.LIB Release|Win32.Build.0 = Release|Win32
		{524F9888-4C22-461A-81F5-F46DDAAAE4FA}.LIB Release|x64.ActiveCfg = Release|Win32
		{524F9888-4C22-461A-81F5-F46DDAAAE4FA}.Release Multithreaded|Win32.ActiveCfg = Release|Win32
		{524F9888-4C22-461A-81F5-F46DDAAAE4FA}.Release Multithreaded|Win32.Build.0 = Release|Win32
		{524F9888-4C22-461A-81F5-F46DDAAAE4FA}.Release Multithreaded|x64.ActiveCfg = Release|Win32
		{524F9888-4C22-461A-81F5-F46DDAAAE4FA}.Release Singlethreaded|Win32.ActiveCfg = Release|Win32
		{524F9888-4C22-461A-81F5-F46DDAAAE4FA}.Release Singlethreaded|Win32.Build.0 = Release|Win32
		{524F9888-4C22-461A-81F5-F46DDAAAE4FA}.Release Singlethreaded|x64.ActiveCfg = Release|Win32
		{524F9888-4C22-461A-81F5-F46DDAAAE4FA}.Release|Win32.ActiveCfg = Release|Win32
		{524F9888-4C22-461A-81F5-F46DDAAAE4FA}.Release|Win32.Build.0 = Release|Win32
		{524F9888-4C22-461A-81F5-F46DDAAAE4FA}.Release|x64.ActiveCfg = Release|Win32
		{0008960E-E0DD-41A6-8265-00B31DDB4C21}.Debug Multithreaded|Win32.ActiveCfg = DLL Release|Win32
		{0008960E-E0DD-41A6-8265-00B31DDB4C21}.Debug Multithreaded|Win32.Build.0 = DLL Release|Win32
		{0008960E-E0DD-41A6-8265-00B31DDB4C21}.Debug Multithreaded|x64.ActiveCfg = DLL Release|Win32
		{0008960E-E0DD-41A6-8265-00B31DDB4C21}.Debug Singlethreaded|Win32.ActiveCfg = DLL Release|Win32
		{0008960E-E0DD-41A6-8265-00B31DDB4C21}.Debug Singlethreaded|Win32.Build.0 = DLL Release|Win32
		{0008960E-E0DD-41A6-8265-00B31DDB4C21}.Debug Singlethreaded|x64.ActiveCfg = DLL Release|Win32
		{0008960E-E0DD-41A6-8265-00B31DDB4C21}.Debug|Win32.ActiveCfg = LIB Debug|Win32
		{0008960E-E0DD-41A6-8265-00B31DDB4C21}.Debug|Win32.Build.0 = LIB Debug|Win32
		{0008960E-E0DD-41A6-8265-00B31DDB4C21}.Debug|x64.ActiveCfg = DLL Debug|Win32
		{0008960E-E0DD-41A6-8265-00B31DDB4C21}.DLL ASM Debug|Win32.ActiveCfg = DLL VB|Win32
		{0008960E-E0DD-41A6-8265-00B31DDB4C21}.DLL ASM Debug|Win32.Build.0 = DLL VB|Win32
		{0008960E-E0DD-41A6-8265-00B31DDB4C21}.DLL ASM Debug|x64.ActiveCfg = DLL Release|Win32
		{0008960E-E0DD-41A6-8265-00B31DDB4C21}.DLL ASM Release|Win32.ActiveCfg = DLL VB|Win32
		{0008960E-E0DD-41A6-8265-00B31DDB4C21}.DLL ASM Release|Win32.Build.0 = DLL VB|Win32
		{0008960E-E0DD-41A6-8265-00B31DDB4C21}.DLL ASM Release|x64.ActiveCfg = DLL Release|Win32
		{0008960E-E0DD-41A6-8265-00B31DDB4C21}.DLL Debug|Win32.ActiveCfg = DLL Debug|Win32
		{0008960E-E0DD-41A6-8265-00B31DDB4C21}.DLL Debug|Win32.Build.0 = DLL Debug|Win32
		{0008960E-E0DD-41A6-8265-00B31DDB4C21}.DLL Debug|x64.ActiveCfg = DLL Debug|Win32
		{0008960E-E0DD-41A6-8265-00B31DDB4C21}.DLL Release|Win32.ActiveCfg = DLL Release|Win32
		{0008960E-E0DD-41A6-8265-00B31DDB4C21}.DLL Release|Win32.Build.0 = DLL Release|Win32
		{0008960E-E0DD-41A6-8265-00B31DDB4C21}.DLL Release|x64.ActiveCfg = DLL Release|Win32
		{0008960E-E0DD-41A6-8265-00B31DDB4C21}.DLL VB|Win32.ActiveCfg = DLL VB|Win32
		{0008960E-E0DD-41A6-8265-00B31DDB4C21}.DLL VB|Win32.Build.0 = DLL VB|Win32
		{0008960E-E0DD-41A6-8265-00B31DDB4C21}.DLL VB|x64.ActiveCfg = DLL VB|Win32
		{0008960E-E0DD-41A6-8265-00B31DDB4C21}.LIB ASM Debug|Win32.ActiveCfg = LIB Debug|Win32
		{0008960E-E0DD-41A6-8265-00B31DDB4C21}.LIB ASM Debug|Win32.Build.0 = LIB Debug|Win32
		{0008960E-E0DD-41A6-8265-00B31DDB4C21}.LIB ASM Debug|x64.ActiveCfg = LIB Release|Win32
		{0008960E-E0DD-41A6-8265-00B31DDB4C21}.LIB ASM Release|Win32.ActiveCfg = LIB Debug|Win32
		{0008960E-E0DD-41A6-8265-00B31DDB4C21}.LIB ASM Release|Win32.Build.0 = LIB Debug|Win32
		{0008960E-E0DD-41A6-8265-00B31DDB4C21}.LIB ASM Release|x64.ActiveCfg = LIB Release|Win32
		{0008960E-E0DD-41A6-8265-00B31DDB4C21}.LIB Debug|Win32.ActiveCfg = LIB Debug|Win32
		{0008960E-E0DD-41A6-8265-00B31DDB4C21}.LIB Debug|Win32.Build.0 = LIB Debug|Win32
		{0008960E-E0DD-41A6-8265-00B31DDB4C21}.LIB Debug|x64.ActiveCfg = LIB Debug|Win32
		{0008960E-E0DD-41A6-8265-00B31DDB4C21}.LIB Release|Win32.ActiveCfg = LIB Release|Win32
		{0008960E-E0DD-41A6-8265-00B31DDB4C21}.LIB Release|Win32.Build.0 = LIB Release|Win32
		{0008960E-E0DD-41A6-8265-00B31DDB4C21}.LIB Release|x64.ActiveCfg = LIB Release|Win32
		{0008960E-E0DD-41A6-8265-00B31DDB4C21}.Release Multithreaded|Win32.ActiveCfg = LIB Release|Win32
		{0008960E-E0DD-41A6-8265-00B31DDB4C21}.Release Multithreaded|Win32.Build.0 = LIB Release|Win32
		{0008960E-E0DD-41A6-8265-00B31DDB4C21}.Release Multithreaded|x64.ActiveCfg = LIB Release|Win32
		{0008960E-E0DD-41A6-8265-00B31DDB4C21}.Release Singlethreaded|Win32.ActiveCfg = LIB Release|Win32
		{0008960E-E0DD-41A6-8265-00B31DDB4C21}.Release Singlethreaded|Win32.Build.0 = LIB Release|Win32
		{0008960E-E0DD-41A6-8265-00B31DDB4C21}.Release Singlethreaded|x64.ActiveCfg = LIB Release|Win32
		{0008960E-E0DD-41A6-8265-00B31DDB4C21}.Release|Win32.ActiveCfg = LIB Release|Win32
		{0008960E-E0DD-41A6-8265-00B31DDB4C21}.Release|Win32.Build.0 = LIB Release|Win32
		{0008960E-E0DD-41A6-8265-00B31DDB4C21}.Release|x64.ActiveCfg = LIB Release|Win32
		{2D4F8105-7D21-454C-9932-B47CAB71A5C0}.Debug Multithreaded|Win32.ActiveCfg = DLL Release|Win32
		{2D4F8105-7D21-454C-9932-B47CAB71A5C0}.Debug Multithreaded|Win32.Build.0 = DLL Release|Win32
		{2D4F8105-7D21-454C-9932-B47CAB71A5C0}.Debug Multithreaded|x64.ActiveCfg = DLL Release|Win32
		{2D4F8105-7D21-454C-9932-B47CAB71A5C0}.Debug Singlethreaded|Win32.ActiveCfg = DLL Release|Win32
		{2D4F8105-7D21-454C-9932-B47CAB71A5C0}.Debug Singlethreaded|Win32.Build.0 = DLL Release|Win32
		{2D4F8105-7D21-454C-9932-B47CAB71A5C0}.Debug Singlethreaded|x64.ActiveCfg = DLL Release|Win32
		{2D4F8105-7D21-454C-9932-B47CAB71A5C0}.Debug|Win32.ActiveCfg = LIB Debug|Win32
		{2D4F8105-7D21-454C-9932-B47CAB71A5C0}.Debug|Win32.Build.0 = LIB Debug|Win32
		{2D4F8105-7D21-454C-9932-B47CAB71A5C0}.Debug|x64.ActiveCfg = DLL Debug|Win32
		{2D4F8105-7D21-454C-9932-B47CAB71A5C0}.DLL ASM Debug|Win32.ActiveCfg = DLL Debug|Win32
		{2D4F8105-7D21-454C-9932-B47CAB71A5C0}.DLL ASM Debug|Win32.Build.0 = DLL Debug|Win32
		{2D4F8105-7D21-454C-9932-B47CAB71A5C0}.DLL ASM Debug|x64.ActiveCfg = DLL Release|Win32
		{2D4F8105-7D21-454C-9932-B47CAB71A5C0}.DLL ASM Release|Win32.ActiveCfg = DLL Debug|Win32
		{2D4F8105-7D21-454C-9932-B47CAB71A5C0}.DLL ASM Release|Win32.Build.0 = DLL Debug|Win32
		{2D4F8105-7D21-454C-9932-B47CAB71A5C0}.DLL ASM Release|x64.ActiveCfg = DLL Release|Win32
		{2D4F8105-7D21-454C-9932-B47CAB71A5C0}.DLL Debug|Win32.ActiveCfg = DLL Debug|Win32
		{2D4F8105-7D21-454C-9932-B47CAB71A5C0}.DLL Debug|Win32.Build.0 = DLL Debug|Win32
		{2D4F8105-7D21-454C-9932-B47CAB71A5C0}.DLL Debug|x64.ActiveCfg = DLL Debug|Win32
		{2D4F8105-7D21-454C-9932-B47CAB71A5C0}.DLL Release|Win32.ActiveCfg = DLL Release|Win32
		{2D4F8105-7D21-454C-9932-B47CAB71A5C0}.DLL Release|Win32.Build.0 = DLL Release|Win32
		{2D4F8105-7D21-454C-9932-B47CAB71A5C0}.DLL Release|x64.ActiveCfg = DLL Release|Win32
		{2D4F8105-7D21-454C-9932-B47CAB71A5C0}.DLL VB|Win32.ActiveCfg = DLL Debug|Win32
		{2D4F8105-7D21-454C-9932-B47CAB71A5C0}.DLL VB|Win32.Build.0 = DLL Debug|Win32
		{2D4F8105-7D21-454C-9932-B47CAB71A5C0}.DLL VB|x64.ActiveCfg = DLL Release|Win32
		{2D4F8105-7D21-454C-9932-B47CAB71A5C0}.LIB ASM Debug|Win32.ActiveCfg = LIB Debug|Win32
		{2D4F8105-7D21-454C-9932-B47CAB71A5C0}.LIB ASM Debug|Win32.Build.0 = LIB Debug|Win32
		{2D4F8105-7D21-454C-9932-B47CAB71A5C0}.LIB ASM Debug|x64.ActiveCfg = LIB Release|Win32
		{2D4F8105-7D21-454C-9932-B47CAB71A5C0}.LIB ASM Release|Win32.ActiveCfg = LIB Debug|Win32
		{2D4F8105-7D21-454C-9932-B47CAB71A5C0}.LIB ASM Release|Win32.Build.0 = LIB Debug|Win32
		{2D4F8105-7D21-454C-9932-B47CAB71A5C0}.LIB ASM Release|x64.ActiveCfg = LIB Release|Win32
		{2D4F8105-7D21-454C-9932-B47CAB71A5C0}.LIB Debug|Win32.ActiveCfg = LIB Debug|Win32
		{2D4F8105-7D21-454C-9932-B47CAB71A5C0}.LIB Debug|Win32.Build.0 = LIB Debug|Win32
		{2D4F8105-7D21-454C-9932-B47CAB71A5C0}.LIB Debug|x64.ActiveCfg = LIB Debug|Win32
		{2D4F8105-7D21-454C-9932-B47CAB71A5C0}.LIB Release|Win32.ActiveCfg = LIB Release|Win32
		{2D4F8105-7D21-454C-9932-B47CAB71A5C0}.LIB Release|Win32.Build.0 = LIB Release|Win32
		{2D4F8105-7D21-454C-9932-B47CAB71A5C0}.LIB Release|x64.ActiveCfg = LIB Release|Win32
		{2D4F8105-7D21-454C-9932-B47CAB71A5C0}.Release Multithreaded|Win32.ActiveCfg = LIB Release|Win32
		{2D4F8105-7D21-454C-9932-B47CAB71A5C0}.Release Multithreaded|Win32.Build.0 = LIB Release|Win32
		{2D4F8105-7D21-454C-9932-B47CAB71A5C0}.Release Multithreaded|x64.ActiveCfg = LIB Release|Win32
		{2D4F8105-7D21-454C-9932-B47CAB71A5C0}.Release Singlethreaded|Win32.ActiveCfg = LIB Release|Win32
		{2D4F8105-7D21-454C-9932-B47CAB71A5C0}.Release Singlethreaded|Win32.Build.0 = LIB Release|Win32
		{2D4F8105-7D21-454C-9932-B47CAB71A5C0}.Release Singlethreaded|x64.ActiveCfg = LIB Release|Win32
		{2D4F8105-7D21-454C-9932-B47CAB71A5C0}.Release|Win32.ActiveCfg = LIB Release|Win32
		{2D4F8105-7D21-454C-9932-B47CAB71A5C0}.Release|Win32.Build.0 = LIB Release|Win32
		{2D4F8105-7D21-454C-9932-B47CAB71A5C0}.Release|x64.ActiveCfg = LIB Release|Win32
		{66E3CE14-884D-4AEA-9F20-15A0BEAF8C5A}.Debug Multithreaded|Win32.ActiveCfg = Debug|Win32
		{66E3CE14-884D-4AEA-9F20-15A0BEAF8C5A}.Debug Multithreaded|Win32.Build.0 = Debug|Win32
		{66E3CE14-884D-4AEA-9F20-15A0BEAF8C5A}.Debug Multithreaded|x64.ActiveCfg = Debug|Win32
		{66E3CE14-884D-4AEA-9F20-15A0BEAF8C5A}.Debug Singlethreaded|Win32.ActiveCfg = Debug|Win32
		{66E3CE14-884D-4AEA-9F20-15A0BEAF8C5A}.Debug Singlethreaded|Win32.Build.0 = Debug|Win32
		{66E3CE14-884D-4AEA-9F20-15A0BEAF8C5A}.Debug Singlethreaded|x64.ActiveCfg = Debug|Win32
		{66E3CE14-884D-4AEA-9F20-15A0BEAF8C5A}.Debug|Win32.ActiveCfg = Debug|Win32
		{66E3CE14-884D-4AEA-9F20-15A0BEAF8C5A}.Debug|Win32.Build.0 = Debug|Win32
		{66E3CE14-884D-4AEA-9F20-15A0BEAF8C5A}.Debug|x64.ActiveCfg = Debug|Win32
		{66E3CE14-884D-4AEA-9F20-15A0BEAF8C5A}.DLL ASM Debug|Win32.ActiveCfg = Debug|Win32
		{66E3CE14-884D-4AEA-9F20-15A0BEAF8C5A}.DLL ASM Debug|Win32.Build.0 = Debug|Win32
		{66E3CE14-884D-4AEA-9F20-15A0BEAF8C5A}.DLL ASM Debug|x64.ActiveCfg = Debug|Win32
		{66E3CE14-884D-4AEA-9F20-15A0BEAF8C5A}.DLL ASM Release|Win32.ActiveCfg = Release|Win32
		{66E3CE14-884D-4AEA-9F20-15A0BEAF8C5A}.DLL ASM Release|Win32.Build.0 = Release|Win32
		{66E3CE14-884D-4AEA-9F20-15A0BEAF8C5A}.DLL ASM Release|x64.ActiveCfg = Release|Win32
		{66E3CE14-884D-4AEA-9F20-15A0BEAF8C5A}.DLL Debug|Win32.ActiveCfg = Debug|Win32
		{66E3CE14-884D-4AEA-9F20-15A0BEAF8C5A}.DLL Debug|Win32.Build.0 = Debug|Win32
		{66E3CE14-884D-4AEA-9F20-15A0BEAF8C5A}.DLL Debug|x64.ActiveCfg = Debug|Win32
		{66E3CE14-884D-4AEA-9F20-15A0BEAF8C5A}.DLL Release|Win32.ActiveCfg = Release|Win32
		{66E3CE14-884D-4AEA-9F20-15A0BEAF8C5A}.DLL Release|Win32.Build.0 = Release|Win32
		{66E3CE14-884D-4AEA-9F20-15A0BEAF8C5A}.DLL Release|x64.ActiveCfg = Release|Win32
		{66E3CE14-884D-4AEA-9F20-15A0BEAF8C5A}.DLL VB|Win32.ActiveCfg = Debug|Win32
		{66E3CE14-884D-4AEA-9F20-15A0BEAF8C5A}.DLL VB|Win32.Build.0 = Debug|Win32
		{66E3CE14-884D-4AEA-9F20-15A0BEAF8C5A}.DLL VB|x64.ActiveCfg = Debug|Win32
		{66E3CE14-884D-4AEA-9F20-15A0BEAF8C5A}.LIB ASM Debug|Win32.ActiveCfg = Debug|Win32
		{66E3CE14-884D-4AEA-9F20-15A0BEAF8C5A}.LIB ASM Debug|Win32.Build.0 = Debug|Win32
		{66E3CE14-884D-4AEA-9F20-15A0BEAF8C5A}.LIB ASM Debug|x64.ActiveCfg = Debug|Win32
		{66E3CE14-884D-4AEA-9F20-15A0BEAF8C5A}.LIB ASM Release|Win32.ActiveCfg = Release|Win32
		{66E3CE14-884D-4AEA-9F20-15A0BEAF8C5A}.LIB ASM Release|Win32.Build.0 = Release|Win32
		{66E3CE14-884D-4AEA-9F20-15A0BEAF8C5A}.LIB ASM Release|x64.ActiveCfg = Release|Win32
		{66E3CE14-884D-4AEA-9F20-15A0BEAF8C5A}.LIB Debug|Win32.ActiveCfg = Debug|Win32
		{66E3CE14-884D-4AEA-9F20-15A0BEAF8C5A}.LIB Debug|Win32.Build.0 = Debug|Win32
		{66E3CE14-884D-4AEA-9F20-15A0BEAF8C5A}.LIB Debug|x64.ActiveCfg = Debug|Win32
		{66E3CE14-884D-4AEA-9F20-15A0BEAF8C5A}.LIB Release|Win32.ActiveCfg = Release|Win32
		{66E3CE14-884D-4AEA-9F20-15A0BEAF8C5A}.LIB Release|Win32.Build.0 = Release|Win32
		{66E3CE14-884D-4AEA-9F20-15A0BEAF8C5A}.LIB Release|x64.ActiveCfg = Release|Win32
		{66E3CE14-884D-4AEA-9F20-15A0BEAF8C5A}.Release Multithreaded|Win32.ActiveCfg = Release|Win32
		{66E3CE14-884D-4AEA-9F20-15A0BEAF8C5A}.Release Multithreaded|Win32.Build.0 = Release|Win32
		{66E3CE14-884D-4AEA-9F20-15A0BEAF8C5A}.Release Multithreaded|x64.ActiveCfg = Release|Win32
		{66E3CE14-884D-4AEA-9F20-15A0BEAF8C5A}.Release Singlethreaded|Win32.ActiveCfg = Release|Win32
		{66E3CE14-884D-4AEA-9F20-15A0BEAF8C5A}.Release Singlethreaded|Win32.Build.0 = Release|Win32
		{66E3CE14-884D-4AEA-9F20-15A0BEAF8C5A}.Release Singlethreaded|x64.ActiveCfg = Release|Win32
		{66E3CE14-884D-4AEA-9F20-15A0BEAF8C5A}.Release|Win32.ActiveCfg = Release|Win32
		{66E3CE14-884D-4AEA-9F20-15A0BEAF8C5A}.Release|Win32.Build.0 = Release|Win32
		{66E3CE14-884D-4AEA-9F20-15A0BEAF8C5A}.Release|x64.ActiveCfg = Release|Win32
		{78B079BD-9FC7-4B9E-B4A6-96DA0F00248B}.Debug Multithreaded|Win32.ActiveCfg = Debug Multithreaded|Win32
		{78B079BD-9FC7-4B9E-B4A6-96DA0F00248B}.Debug Multithreaded|Win32.Build.0 = Debug Multithreaded|Win32
		{78B079BD-9FC7-4B9E-B4A6-96DA0F00248B}.Debug Multithreaded|x64.ActiveCfg = Debug Multithreaded|x64
		{78B079BD-9FC7-4B9E-B4A6-96DA0F00248B}.Debug Multithreaded|x64.Build.0 = Debug Multithreaded|x64
		{78B079BD-9FC7-4B9E-B4A6-96DA0F00248B}.Debug Singlethreaded|Win32.ActiveCfg = Debug Singlethreaded|Win32
		{78B079BD-9FC7-4B9E-B4A6-96DA0F00248B}.Debug Singlethreaded|Win32.Build.0 = Debug Singlethreaded|Win32
		{78B079BD-9FC7-4B9E-B4A6-96DA0F00248B}.Debug Singlethreaded|x64.ActiveCfg = Debug Singlethreaded|x64
		{78B079BD-9FC7-4B9E-B4A6-96DA0F00248B}.Debug Singlethreaded|x64.Build.0 = Debug Singlethreaded|x64
		{78B079BD-9FC7-4B9E-B4A6-96DA0F00248B}.Debug|Win32.ActiveCfg = Debug|Win32
		{78B079BD-9FC7-4B9E-B4A6-96DA0F00248B}.Debug|Win32.Build.0 = Debug|Win32
		{78B079BD-9FC7-4B9E-B4A6-96DA0F00248B}.Debug|x64.ActiveCfg = Debug|x64
		{78B079BD-9FC7-4B9E-B4A6-96DA0F00248B}.Debug|x64.Build.0 = Debug|x64
		{78B079BD-9FC7-4B9E-B4A6-96DA0F00248B}.DLL ASM Debug|Win32.ActiveCfg = Debug|Win32
		{78B079BD-9FC7-4B9E-B4A6-96DA0F00248B}.DLL ASM Debug|Win32.Build.0 = Debug|Win32
		{78B079BD-9FC7-4B9E-B4A6-96DA0F00248B}.DLL ASM Debug|x64.ActiveCfg = Debug|x64
		{78B079BD-9FC7-4B9E-B4A6-96DA0F00248B}.DLL ASM Debug|x64.Build.0 = Debug|x64
		{78B079BD-9FC7-4B9E-B4A6-96DA0F00248B}.DLL ASM Release|Win32.ActiveCfg = Release|Win32
		{78B079BD-9FC7-4B9E-B4A6-96DA0F00248B}.DLL ASM Release|Win32.Build.0 = Release|Win32
		{78B079BD-9FC7-4B9E-B4A6-96DA0F00248B}.DLL ASM Release|x64.ActiveCfg = Release|x64
		{78B079BD-9FC7-4B9E-B4A6-96DA0F00248B}.DLL ASM Release|x64.Build.0 = Release|x64
		{78B079BD-9FC7-4B9E-B4A6-96DA0F00248B}.DLL Debug|Win32.ActiveCfg = Debug|Win32
		{78B079BD-9FC7-4B9E-B4A6-96DA0F00248B}.DLL Debug|Win32.Build.0 = Debug|Win32
		{78B079BD-9FC7-4B9E-B4A6-96DA0F00248B}.DLL Debug|x64.ActiveCfg = Debug|x64
		{78B079BD-9FC7-4B9E-B4A6-96DA0F00248B}.DLL Debug|x64.Build.0 = Debug|x64
		{78B079BD-9FC7-4B9E-B4A6-96DA0F00248B}.DLL Release|Win32.ActiveCfg = Release|Win32
		{78B079BD-9FC7-4B9E-B4A6-96DA0F00248B}.DLL Release|Win32.Build.0 = Release|Win32
		{78B079BD-9FC7-4B9E-B4A6-96DA0F00248B}.DLL Release|x64.ActiveCfg = Release|x64
		{78B079BD-9FC7-4B9E-B4A6-96DA0F00248B}.DLL Release|x64.Build.0 = Release|x64
		{78B079BD-9FC7-4B9E-B4A6-96DA0F00248B}.DLL VB|Win32.ActiveCfg = Debug Multithreaded|Win32
		{78B079BD-9FC7-4B9E-B4A6-96DA0F00248B}.DLL VB|Win32.Build.0 = Debug Multithreaded|Win32
		{78B079BD-9FC7-4B9E-B4A6-96DA0F00248B}.DLL VB|x64.ActiveCfg = Debug Multithreaded|x64
		{78B079BD-9FC7-4B9E-B4A6-96DA0F00248B}.DLL VB|x64.Build.0 = Debug Multithreaded|x64
		{78B079BD-9FC7-4B9E-B4A6-96DA0F00248B}.LIB ASM Debug|Win32.ActiveCfg = Debug|Win32
		{78B079BD-9FC7-4B9E-B4A6-96DA0F00248B}.LIB ASM Debug|Win32.Build.0 = Debug|Win32
		{78B079BD-9FC7-4B9E-B4A6-96DA0F00248B}.LIB ASM Debug|x64.ActiveCfg = Debug|x64
		{78B079BD-9FC7-4B9E-B4A6-96DA0F00248B}.LIB ASM Debug|x64.Build.0 = Debug|x64
		{78B079BD-9FC7-4B9E-B4A6-96DA0F00248B}.LIB ASM Release|Win32.ActiveCfg = Release|Win32
		{78B079BD-9FC7-4B9E-B4A6-96DA0F00248B}.LIB ASM Release|Win32.Build.0 = Release|Win32
		{78B079BD-9FC7-4B9E-B4A6-96DA0F00248B}.LIB ASM Release|x64.ActiveCfg = Release|x64
		{78B079BD-9FC7-4B9E-B4A6-96DA0F00248B}.LIB ASM Release|x64.Build.0 = Release|x64
		{78B079BD-9FC7-4B9E-B4A6-96DA0F00248B}.LIB Debug|Win32.ActiveCfg = Debug|Win32
		{78B079BD-9FC7-4B9E-B4A6-96DA0F00248B}.LIB Debug|Win32.Build.0 = Debug|Win32
		{78B079BD-9FC7-4B9E-B4A6-96DA0F00248B}.LIB Debug|x64.ActiveCfg = Debug|x64
		{78B079BD-9FC7-4B9E-B4A6-96DA0F00248B}.LIB Debug|x64.Build.0 = Debug|x64
		{78B079BD-9FC7-4B9E-B4A6-96DA0F00248B}.LIB Release|Win32.ActiveCfg = Release|Win32
		{78B079BD-9FC7-4B9E-B4A6-96DA0F00248B}.LIB Release|Win32.Build.0 = Release|Win32
		{78B079BD-9FC7-4B9E-B4A6-96DA0F00248B}.LIB Release|x64.ActiveCfg = Release|x64
		{78B079BD-9FC7-4B9E-B4A6-96DA0F00248B}.LIB Release|x64.Build.0 = Release|x64
		{78B079BD-9FC7-4B9E-B4A6-96DA0F00248B}.Release Multithreaded|Win32.ActiveCfg = Release Multithreaded|Win32
		{78B079BD-9FC7-4B9E-B4A6-96DA0F00248B}.Release Multithreaded|Win32.Build.0 = Release Multithreaded|Win32
		{78B079BD-9FC7-4B9E-B4A6-96DA0F00248B}.Release Multithreaded|x64.ActiveCfg = Release Multithreaded|x64
		{78B079BD-9FC7-4B9E-B4A6-96DA0F00248B}.Release Multithreaded|x64.Build.0 = Release Multithreaded|x64
		{78B079BD-9FC7-4B9E-B4A6-96DA0F00248B}.Release Singlethreaded|Win32.ActiveCfg = Release Singlethreaded|Win32
		{78B079BD-9FC7-4B9E-B4A6-96DA0F00248B}.Release Singlethreaded|Win32.Build.0 = Release Singlethreaded|Win32
		{78B079BD-9FC7-4B9E-B4A6-96DA0F00248B}.Release Singlethreaded|x64.ActiveCfg = Release Singlethreaded|x64
		{78B079BD-9FC7-4B9E-B4A6-96DA0F00248B}.Release Singlethreaded|x64.Build.0 = Release Singlethreaded|x64
		{78B079BD-9FC7-4B9E-B4A6-96DA0F00248B}.Release|Win32.ActiveCfg = Release|Win32
		{78B079BD-9FC7-4B9E-B4A6-96DA0F00248B}.Release|Win32.Build.0 = Release|Win32
		{78B079BD-9FC7-4B9E-B4A6-96DA0F00248B}.Release|x64.ActiveCfg = Release|x64
		{78B079BD-9FC7-4B9E-B4A6-96DA0F00248B}.Release|x64.Build.0 = Release|x64
		{DDDBD07D-DC76-4AF6-8D02-3E2DEB6EE255}.Debug Multithreaded|Win32.ActiveCfg = Debug|Win32
		{DDDBD07D-DC76-4AF6-8D02-3E2DEB6EE255}.Debug Multithreaded|Win32.Build.0 = Debug|Win32
		{DDDBD07D-DC76-4AF6-8D02-3E2DEB6EE255}.Debug Multithreaded|x64.ActiveCfg = Debug|x64
		{DDDBD07D-DC76-4AF6-8D02-3E2DEB6EE255}.Debug Multithreaded|x64.Build.0 = Debug|x64
		{DDDBD07D-DC76-4AF6-8D02-3E2DEB6EE255}.Debug Singlethreaded|Win32.ActiveCfg = Debug|Win32
		{DDDBD07D-DC76-4AF6-8D02-3E2DEB6EE255}.Debug Singlethreaded|Win32.Build.0 = Debug|Win32
		{DDDBD07D-DC76-4AF6-8D02-3E2DEB6EE255}.Debug Singlethreaded|x64.ActiveCfg = Debug|x64
		{DDDBD07D-DC76-4AF6-8D02-3E2DEB6EE255}.Debug Singlethreaded|x64.Build.0 = Debug|x64
		{DDDBD07D-DC76-4AF6-8D02-3E2DEB6EE255}.Debug|Win32.ActiveCfg = Debug|Win32
		{DDDBD07D-DC76-4AF6-8D02-3E2DEB6EE255}.Debug|Win32.Build.0 = Debug|Win32
		{DDDBD07D-DC76-4AF6-8D02-3E2DEB6EE255}.Debug|x64.ActiveCfg = Debug|x64
		{DDDBD07D-DC76-4AF6-8D02-3E2DEB6EE255}.Debug|x64.Build.0 = Debug|x64
		{DDDBD07D-DC76-4AF6-8D02-3E2DEB6EE255}.DLL ASM Debug|Win32.ActiveCfg = Debug|Win32
		{DDDBD07D-DC76-4AF6-8D02-3E2DEB6EE255}.DLL ASM Debug|Win32.Build.0 = Debug|Win32
		{DDDBD07D-DC76-4AF6-8D02-3E2DEB6EE255}.DLL ASM Debug|x64.ActiveCfg = Debug|x64
		{DDDBD07D-DC76-4AF6-8D02-3E2DEB6EE255}.DLL ASM Debug|x64.Build.0 = Debug|x64
		{DDDBD07D-DC76-4AF6-8D02-3E2DEB6EE255}.DLL ASM Release|Win32.ActiveCfg = Release|Win32
		{DDDBD07D-DC76-4AF6-8D02-3E2DEB6EE255}.DLL ASM Release|Win32.Build.0 = Release|Win32
		{DDDBD07D-DC76-4AF6-8D02-3E2DEB6EE255}.DLL ASM Release|x64.ActiveCfg = Release|x64
		{DDDBD07D-DC76-4AF6-8D02-3E2DEB6EE255}.DLL ASM Release|x64.Build.0 = Release|x64
		{DDDBD07D-DC76-4AF6-8D02-3E2DEB6EE255}.DLL Debug|Win32.ActiveCfg = Debug|Win32
		{DDDBD07D-DC76-4AF6-8D02-3E2DEB6EE255}.DLL Debug|Win32.Build.0 = Debug|Win32
		{DDDBD07D-DC76-4AF6-8D02-3E2DEB6EE255}.DLL Debug|x64.ActiveCfg = Debug|x64
		{DDDBD07D-DC76-4AF6-8D02-3E2DEB6EE255}.DLL Debug|x64.Build.0 = Debug|x64
		{DDDBD07D-DC76-4AF6-8D02-3E2DEB6EE255}.DLL Release|Win32.ActiveCfg = Release|Win32
		{DDDBD07D-DC76-4AF6-8D02-3E2DEB6EE255}.DLL Release|Win32.Build.0 = Release|Win32
		{DDDBD07D-DC76-4AF6-8D02-3E2DEB6EE255}.DLL Release|x64.ActiveCfg = Release|x64
		{DDDBD07D-DC76-4AF6-8D02-3E2DEB6EE255}.DLL Release|x64.Build.0 = Release|x64
		{DDDBD07D-DC76-4AF6-8D02-3E2DEB6EE255}.DLL VB|Win32.ActiveCfg = Debug|Win32
		{DDDBD07D-DC76-4AF6-8D02-3E2DEB6EE255}.DLL VB|Win32.Build.0 = Debug|Win32
		{DDDBD07D-DC76-4AF6-8D02-3E2DEB6EE255}.DLL VB|x64.ActiveCfg = Debug|x64
		{DDDBD07D-DC76-4AF6-8D02-3E2DEB6EE255}.DLL VB|x64.Build.0 = Debug|x64
		{DDDBD07D-DC76-4AF6-8D02-3E2DEB6EE255}.LIB ASM Debug|Win32.ActiveCfg = Debug|Win32
		{DDDBD07D-DC76-4AF6-8D02-3E2DEB6EE255}.LIB ASM Debug|Win32.Build.0 = Debug|Win32
		{DDDBD07D-DC76-4AF6-8D02-3E2DEB6EE255}.LIB ASM Debug|x64.ActiveCfg = Debug|x64
		{DDDBD07D-DC76-4AF6-8D02-3E2DEB6EE255}.LIB ASM Debug|x64.Build.0 = Debug|x64
		{DDDBD07D-DC76-4AF6-8D02-3E2DEB6EE255}.LIB ASM Release|Win32.ActiveCfg = Release|Win32
		{DDDBD07D-DC76-4AF6-8D02-3E2DEB6EE255}.LIB ASM Release|Win32.Build.0 = Release|Win32
		{DDDBD07D-DC76-4AF6-8D02-3E2DEB6EE255}.LIB ASM Release|x64.ActiveCfg = Release|x64
		{DDDBD07D-DC76-4AF6-8D02-3E2DEB6EE255}.LIB ASM Release|x64.Build.0 = Release|x64
		{DDDBD07D-DC76-4AF6-8D02-3E2DEB6EE255}.LIB Debug|Win32.ActiveCfg = Debug|Win32
		{DDDBD07D-DC76-4AF6-8D02-3E2DEB6EE255}.LIB Debug|Win32.Build.0 = Debug|Win32
		{DDDBD07D-DC76-4AF6-8D02-3E2DEB6EE255}.LIB Debug|x64.ActiveCfg = Debug|x64
		{DDDBD07D-DC76-4AF6-8D02-3E2DEB6EE255}.LIB Debug|x64.Build.0 = Debug|x64
		{DDDBD07D-DC76-4AF6-8D02-3E2DEB6EE255}.LIB Release|Win32.ActiveCfg = Release|Win32
		{DDDBD07D-DC76-4AF6-8D02-3E2DEB6EE255}.LIB Release|Win32.Build.0 = Release|Win32
		{DDDBD07D-DC76-4AF6-8D02-3E2DEB6EE255}.LIB Release|x64.ActiveCfg = Release|x64
		{DDDBD07D-DC76-4AF6-8D02-3E2DEB6EE255}.LIB Release|x64.Build.0 = Release|x64
		{DDDBD07D-DC76-4AF6-8D02-3E2DEB6EE255}.Release Multithreaded|Win32.ActiveCfg = Release|Win32
		{DDDBD07D-DC76-4AF6-8D02-3E2DEB6EE255}.Release Multithreaded|Win32.Build.0 = Release|Win32
		{DDDBD07D-DC76-4AF6-8D02-3E2DEB6EE255}.Release Multithreaded|x64.ActiveCfg = Release|x64
		{DDDBD07D-DC76-4AF6-8D02-3E2DEB6EE255}.Release Multithreaded|x64.Build.0 = Release|x64
		{DDDBD07D-DC76-4AF6-8D02-3E2DEB6EE255}.Release Singlethreaded|Win32.ActiveCfg = Release|Win32
		{DDDBD07D-DC76-4AF6-8D02-3E2DEB6EE255}.Release Singlethreaded|Win32.Build.0 = Release|Win32
		{DDDBD07D-DC76-4AF6-8D02-3E2DEB6EE255}.Release Singlethreaded|x64.ActiveCfg = Release|x64
		{DDDBD07D-DC76-4AF6-8D02-3E2DEB6EE255}.Release Singlethreaded|x64.Build.0 = Release|x64
		{DDDBD07D-DC76-4AF6-8D02-3E2DEB6EE255}.Release|Win32.ActiveCfg = Release|Win32
		{DDDBD07D-DC76-4AF6-8D02-3E2DEB6EE255}.Release|Win32.Build.0 = Release|Win32
		{DDDBD07D-DC76-4AF6-8D02-3E2DEB6EE255}.Release|x64.ActiveCfg = Release|x64
		{DDDBD07D-DC76-4AF6-8D02-3E2DEB6EE255}.Release|x64.Build.0 = Release|x64
		{235B5088-A013-479A-8C28-C5ED38DD5A41}.Debug Multithreaded|Win32.ActiveCfg = Debug|Win32
		{235B5088-A013-479A-8C28-C5ED38DD5A41}.Debug Multithreaded|Win32.Build.0 = Debug|Win32
		{235B5088-A013-479A-8C28-C5ED38DD5A41}.Debug Multithreaded|x64.ActiveCfg = Debug|Win32
		{235B5088-A013-479A-8C28-C5ED38DD5A41}.Debug Singlethreaded|Win32.ActiveCfg = Debug|Win32
		{235B5088-A013-479A-8C28-C5ED38DD5A41}.Debug Singlethreaded|Win32.Build.0 = Debug|Win32
		{235B5088-A013-479A-8C28-C5ED38DD5A41}.Debug Singlethreaded|x64.ActiveCfg = Debug|Win32
		{235B5088-A013-479A-8C28-C5ED38DD5A41}.Debug|Win32.ActiveCfg = Debug|Win32
		{235B5088-A013-479A-8C28-C5ED38DD5A41}.Debug|Win32.Build.0 = Debug|Win32
		{235B5088-A013-479A-8C28-C5ED38DD5A41}.Debug|x64.ActiveCfg = Debug|Win32
		{235B5088-A013-479A-8C28-C5ED38DD5A41}.DLL ASM Debug|Win32.ActiveCfg = Debug|Win32
		{235B5088-A013-479A-8C28-C5ED38DD5A41}.DLL ASM Debug|Win32.Build.0 = Debug|Win32
		{235B5088-A013-479A-8C28-C5ED38DD5A41}.DLL ASM Debug|x64.ActiveCfg = Debug|Win32
		{235B5088-A013-479A-8C28-C5ED38DD5A41}.DLL ASM Release|Win32.ActiveCfg = Release|Win32
		{235B5088-A013-479A-8C28-C5ED38DD5A41}.DLL ASM Release|Win32.Build.0 = Release|Win32
		{235B5088-A013-479A-8C28-C5ED38DD5A41}.DLL ASM Release|x64.ActiveCfg = Release|Win32
		{235B5088-A013-479A-8C28-C5ED38DD5A41}.DLL Debug|Win32.ActiveCfg = Debug|Win32
		{235B5088-A013-479A-8C28-C5ED38DD5A41}.DLL Debug|Win32.Build.0 = Debug|Win32
		{235B5088-A013-479A-8C28-C5ED38DD5A41}.DLL Debug|x64.ActiveCfg = Debug|Win32
		{235B5088-A013-479A-8C28-C5ED38DD5A41}.DLL Release|Win32.ActiveCfg = Release|Win32
		{235B5088-A013-479A-8C28-C5ED38DD5A41}.DLL Release|Win32.Build.0 = Release|Win32
		{235B5088-A013-479A-8C28-C5ED38DD5A41}.DLL Release|x64.ActiveCfg = Release|Win32
		{235B5088-A013-479A-8C28-C5ED38DD5A41}.DLL VB|Win32.ActiveCfg = Debug|Win32
		{235B5088-A013-479A-8C28-C5ED38DD5A41}.DLL VB|Win32.Build.0 = Debug|Win32
		{235B5088-A013-479A-8C28-C5ED38DD5A41}.DLL VB|x64.ActiveCfg = Debug|Win32
		{235B5088-A013-479A-8C28-C5ED38DD5A41}.LIB ASM Debug|Win32.ActiveCfg = Debug|Win32
		{235B5088-A013-479A-8C28-C5ED38DD5A41}.LIB ASM Debug|Win32.Build.0 = Debug|Win32
		{235B5088-A013-479A-8C28-C5ED38DD5A41}.LIB ASM Debug|x64.ActiveCfg = Debug|Win32
		{235B5088-A013-479A-8C28-C5ED38DD5A41}.LIB ASM Release|Win32.ActiveCfg = Release|Win32
		{235B5088-A013-479A-8C28-C5ED38DD5A41}.LIB ASM Release|Win32.Build.0 = Release|Win32
		{235B5088-A013-479A-8C28-C5ED38DD5A41}.LIB ASM Release|x64.ActiveCfg = Release|Win32
		{235B5088-A013-479A-8C28-C5ED38DD5A41}.LIB Debug|Win32.ActiveCfg = Debug|Win32
		{235B5088-A013-479A-8C28-C5ED38DD5A41}.LIB Debug|Win32.Build.0 = Debug|Win32
		{235B5088-A013-479A-8C28-C5ED38DD5A41}.LIB Debug|x64.ActiveCfg = Debug|Win32
		{235B5088-A013-479A-8C28-C5ED38DD5A41}.LIB Release|Win32.ActiveCfg = Release|Win32
		{235B5088-A013-479A-8C28-C5ED38DD5A41}.LIB Release|Win32.Build.0 = Release|Win32
		{235B5088-A013-479A-8C28-C5ED38DD5A41}.LIB Release|x64.ActiveCfg = Release|Win32
		{235B5088-A013-479A-8C28-C5ED38DD5A41}.Release Multithreaded|Win32.ActiveCfg = Release|Win32
		{235B5088-A013-479A-8C28-C5ED38DD5A41}.Release Multithreaded|Win32.Build.0 = Release|Win32
		{235B5088-A013-479A-8C28-C5ED38DD5A41}.Release Multithreaded|x64.ActiveCfg = Release|Win32
		{235B5088-A013-479A-8C28-C5ED38DD5A41}.Release Singlethreaded|Win32.ActiveCfg = Release|Win32
		{235B5088-A013-479A-8C28-C5ED38DD5A41}.Release Singlethreaded|Win32.Build.0 = Release|Win32
		{235B5088-A013-479A-8C28-C5ED38DD5A41}.Release Singlethreaded|x64.ActiveCfg = Release|Win32
		{235B5088-A013-479A-8C28-C5ED38DD5A41}.Release|Win32.ActiveCfg = Release|Win32
		{235B5088-A013-479A-8C28-C5ED38DD5A41}.Release|Win32.Build.0 = Release|Win32
		{235B5088-A013-479A-8C28-C5ED38DD5A41}.Release|x64.ActiveCfg = Release|Win32
		{D31C39A4-F640-4936-98A0-BAB7AD1273AD}.Debug Multithreaded|Win32.ActiveCfg = Debug|Win32
		{D31C39A4-F640-4936-98A0-BAB7AD1273AD}.Debug Multithreaded|Win32.Build.0 = Debug|Win32
		{D31C39A4-F640-4936-98A0-BAB7AD1273AD}.Debug Multithreaded|x64.ActiveCfg = Debug|x64
		{D31C39A4-F640-4936-98A0-BAB7AD1273AD}.Debug Multithreaded|x64.Build.0 = Debug|x64
		{D31C39A4-F640-4936-98A0-BAB7AD1273AD}.Debug Singlethreaded|Win32.ActiveCfg = Debug|Win32
		{D31C39A4-F640-4936-98A0-BAB7AD1273AD}.Debug Singlethreaded|Win32.Build.0 = Debug|Win32
		{D31C39A4-F640-4936-98A0-BAB7AD1273AD}.Debug Singlethreaded|x64.ActiveCfg = Debug|x64
		{D31C39A4-F640-4936-98A0-BAB7AD1273AD}.Debug Singlethreaded|x64.Build.0 = Debug|x64
		{D31C39A4-F640-4936-98A0-BAB7AD1273AD}.Debug|Win32.ActiveCfg = Debug|Win32
		{D31C39A4-F640-4936-98A0-BAB7AD1273AD}.Debug|Win32.Build.0 = Debug|Win32
		{D31C39A4-F640-4936-98A0-BAB7AD1273AD}.Debug|x64.ActiveCfg = Debug|x64
		{D31C39A4-F640-4936-98A0-BAB7AD1273AD}.Debug|x64.Build.0 = Debug|x64
		{D31C39A4-F640-4936-98A0-BAB7AD1273AD}.DLL ASM Debug|Win32.ActiveCfg = Debug|Win32
		{D31C39A4-F640-4936-98A0-BAB7AD1273AD}.DLL ASM Debug|Win32.Build.0 = Debug|Win32
		{D31C39A4-F640-4936-98A0-BAB7AD1273AD}.DLL ASM Debug|x64.ActiveCfg = Debug|x64
		{D31C39A4-F640-4936-98A0-BAB7AD1273AD}.DLL ASM Debug|x64.Build.0 = Debug|x64
		{D31C39A4-F640-4936-98A0-BAB7AD1273AD}.DLL ASM Release|Win32.ActiveCfg = Release|Win32
		{D31C39A4-F640-4936-98A0-BAB7AD1273AD}.DLL ASM Release|Win32.Build.0 = Release|Win32
		{D31C39A4-F640-4936-98A0-BAB7AD1273AD}.DLL ASM Release|x64.ActiveCfg = Release|x64
		{D31C39A4-F640-4936-98A0-BAB7AD1273AD}.DLL ASM Release|x64.Build.0 = Release|x64
		{D31C39A4-F640-4936-98A0-BAB7AD1273AD}.DLL Debug|Win32.ActiveCfg = Debug|Win32
		{D31C39A4-F640-4936-98A0-BAB7AD1273AD}.DLL Debug|Win32.Build.0 = Debug|Win32
		{D31C39A4-F640-4936-98A0-BAB7AD1273AD}.DLL Debug|x64.ActiveCfg = Debug|x64
		{D31C39A4-F640-4936-98A0-BAB7AD1273AD}.DLL Debug|x64.Build.0 = Debug|x64
		{D31C39A4-F640-4936-98A0-BAB7AD1273AD}.DLL Release|Win32.ActiveCfg = Release|Win32
		{D31C39A4-F640-4936-98A0-BAB7AD1273AD}.DLL Release|Win32.Build.0 = Release|Win32
		{D31C39A4-F640-4936-98A0-BAB7AD1273AD}.DLL Release|x64.ActiveCfg = Release|x64
		{D31C39A4-F640-4936-98A0-BAB7AD1273AD}.DLL Release|x64.Build.0 = Release|x64
		{D31C39A4-F640-4936-98A0-BAB7AD1273AD}.DLL VB|Win32.ActiveCfg = Debug|Win32
		{D31C39A4-F640-4936-98A0-BAB7AD1273AD}.DLL VB|Win32.Build.0 = Debug|Win32
		{D31C39A4-F640-4936-98A0-BAB7AD1273AD}.DLL VB|x64.ActiveCfg = Debug|x64
		{D31C39A4-F640-4936-98A0-BAB7AD1273AD}.DLL VB|x64.Build.0 = Debug|x64
		{D31C39A4-F640-4936-98A0-BAB7AD1273AD}.LIB ASM Debug|Win32.ActiveCfg = Debug|Win32
		{D31C39A4-F640-4936-98A0-BAB7AD1273AD}.LIB ASM Debug|Win32.Build.0 = Debug|Win32
		{D31C39A4-F640-4936-98A0-BAB7AD1273AD}.LIB ASM Debug|x64.ActiveCfg = Debug|x64
		{D31C39A4-F640-4936-98A0-BAB7AD1273AD}.LIB ASM Debug|x64.Build.0 = Debug|x64
		{D31C39A4-F640-4936-98A0-BAB7AD1273AD}.LIB ASM Release|Win32.ActiveCfg = Release|Win32
		{D31C39A4-F640-4936-98A0-BAB7AD1273AD}.LIB ASM Release|Win32.Build.0 = Release|Win32
		{D31C39A4-F640-4936-98A0-BAB7AD1273AD}.LIB ASM Release|x64.ActiveCfg = Release|x64
		{D31C39A4-F640-4936-98A0-BAB7AD1273AD}.LIB ASM Release|x64.Build.0 = Release|x64
		{D31C39A4-F640-4936-98A0-BAB7AD1273AD}.LIB Debug|Win32.ActiveCfg = Debug|Win32
		{D31C39A4-F640-4936-98A0-BAB7AD1273AD}.LIB Debug|Win32.Build.0 = Debug|Win32
		{D31C39A4-F640-4936-98A0-BAB7AD1273AD}.LIB Debug|x64.ActiveCfg = Debug|x64
		{D31C39A4-F640-4936-98A0-BAB7AD1273AD}.LIB Debug|x64.Build.0 = Debug|x64
		{D31C39A4-F640-4936-98A0-BAB7AD1273AD}.LIB Release|Win32.ActiveCfg = Release|Win32
		{D31C39A4-F640-4936-98A0-BAB7AD1273AD}.LIB Release|Win32.Build.0 = Release|Win32
		{D31C39A4-F640-4936-98A0-BAB7AD1273AD}.LIB Release|x64.ActiveCfg = Release|x64
		{D31C39A4-F640-4936-98A0-BAB7AD1273AD}.LIB Release|x64.Build.0 = Release|x64
		{D31C39A4-F640-4936-98A0-BAB7AD1273AD}.Release Multithreaded|Win32.ActiveCfg = Release|Win32
		{D31C39A4-F640-4936-98A0-BAB7AD1273AD}.Release Multithreaded|Win32.Build.0 = Release|Win32
		{D31C39A4-F640-4936-98A0-BAB7AD1273AD}.Release Multithreaded|x64.ActiveCfg = Release|x64
		{D31C39A4-F640-4936-98A0-BAB7AD1273AD}.Release Multithreaded|x64.Build.0 = Release|x64
		{D31C39A4-F640-4936-98A0-BAB7AD1273AD}.Release Singlethreaded|Win32.ActiveCfg = Release|Win32
		{D31C39A4-F640-4936-98A0-BAB7AD1273AD}.Release Singlethreaded|Win32.Build.0 = Release|Win32
		{D31C39A4-F640-4936-98A0-BAB7AD1273AD}.Release Singlethreaded|x64.ActiveCfg = Release|x64
		{D31C39A4-F640-4936-98A0-BAB7AD1273AD}.Release Singlethreaded|x64.Build.0 = Release|x64
		{D31C39A4-F640-4936-98A0-BAB7AD1273AD}.Release|Win32.ActiveCfg = Release|Win32
		{D31C39A4-F640-4936-98A0-BAB7AD1273AD}.Release|Win32.Build.0 = Release|Win32
		{D31C39A4-F640-4936-98A0-BAB7AD1273AD}.Release|x64.ActiveCfg = Release|x64
		{D31C39A4-F640-4936-98A0-BAB7AD1273AD}.Release|x64.Build.0 = Release|x64
		{FED394C2-85EC-436E-8DB6-90EF30835F9F}.Debug Multithreaded|Win32.ActiveCfg = Debug|Win32
		{FED394C2-85EC-436E-8DB6-90EF30835F9F}.Debug Multithreaded|Win32.Build.0 = Debug|Win32
		{FED394C2-85EC-436E-8DB6-90EF30835F9F}.Debug Multithreaded|x64.ActiveCfg = Debug|x64
		{FED394C2-85EC-436E-8DB6-90EF30835F9F}.Debug Multithreaded|x64.Build.0 = Debug|x64
		{FED394C2-85EC-436E-8DB6-90EF30835F9F}.Debug Singlethreaded|Win32.ActiveCfg = Debug|Win32
		{FED394C2-85EC-436E-8DB6-90EF30835F9F}.Debug Singlethreaded|Win32.Build.0 = Debug|Win32
		{FED394C2-85EC-436E-8DB6-90EF30835F9F}.Debug Singlethreaded|x64.ActiveCfg = Debug|x64
		{FED394C2-85EC-436E-8DB6-90EF30835F9F}.Debug Singlethreaded|x64.Build.0 = Debug|x64
		{FED394C2-85EC-436E-8DB6-90EF30835F9F}.Debug|Win32.ActiveCfg = Debug|Win32
		{FED394C2-85EC-436E-8DB6-90EF30835F9F}.Debug|Win32.Build.0 = Debug|Win32
		{FED394C2-85EC-436E-8DB6-90EF30835F9F}.Debug|x64.ActiveCfg = Debug|x64
		{FED394C2-85EC-436E-8DB6-90EF30835F9F}.Debug|x64.Build.0 = Debug|x64
		{FED394C2-85EC-436E-8DB6-90EF30835F9F}.DLL ASM Debug|Win32.ActiveCfg = Debug|Win32
		{FED394C2-85EC-436E-8DB6-90EF30835F9F}.DLL ASM Debug|Win32.Build.0 = Debug|Win32
		{FED394C2-85EC-436E-8DB6-90EF30835F9F}.DLL ASM Debug|x64.ActiveCfg = Debug|x64
		{FED394C2-85EC-436E-8DB6-90EF30835F9F}.DLL ASM Debug|x64.Build.0 = Debug|x64
		{FED394C2-85EC-436E-8DB6-90EF30835F9F}.DLL ASM Release|Win32.ActiveCfg = Release|Win32
		{FED394C2-85EC-436E-8DB6-90EF30835F9F}.DLL ASM Release|Win32.Build.0 = Release|Win32
		{FED394C2-85EC-436E-8DB6-90EF30835F9F}.DLL ASM Release|x64.ActiveCfg = Release|x64
		{FED394C2-85EC-436E-8DB6-90EF30835F9F}.DLL ASM Release|x64.Build.0 = Release|x64
		{FED394C2-85EC-436E-8DB6-90EF30835F9F}.DLL Debug|Win32.ActiveCfg = Debug|Win32
		{FED394C2-85EC-436E-8DB6-90EF30835F9F}.DLL Debug|Win32.Build.0 = Debug|Win32
		{FED394C2-85EC-436E-8DB6-90EF30835F9F}.DLL Debug|x64.ActiveCfg = Debug|x64
		{FED394C2-85EC-436E-8DB6-90EF30835F9F}.DLL Debug|x64.Build.0 = Debug|x64
		{FED394C2-85EC-436E-8DB6-90EF30835F9F}.DLL Release|Win32.ActiveCfg = Release|Win32
		{FED394C2-85EC-436E-8DB6-90EF30835F9F}.DLL Release|Win32.Build.0 = Release|Win32
		{FED394C2-85EC-436E-8DB6-90EF30835F9F}.DLL Release|x64.ActiveCfg = Release|x64
		{FED394C2-85EC-436E-8DB6-90EF30835F9F}.DLL Release|x64.Build.0 = Release|x64
		{FED394C2-85EC-436E-8DB6-90EF30835F9F}.DLL VB|Win32.ActiveCfg = Debug|Win32
		{FED394C2-85EC-436E-8DB6-90EF30835F9F}.DLL VB|Win32.Build.0 = Debug|Win32
		{FED394C2-85EC-436E-8DB6-90EF30835F9F}.DLL VB|x64.ActiveCfg = Debug|x64
		{FED394C2-85EC-436E-8DB6-90EF30835F9F}.DLL VB|x64.Build.0 = Debug|x64
		{FED394C2-85EC-436E-8DB6-90EF30835F9F}.LIB ASM Debug|Win32.ActiveCfg = Debug|Win32
		{FED394C2-85EC-436E-8DB6-90EF30835F9F}.LIB ASM Debug|Win32.Build.0 = Debug|Win32
		{FED394C2-85EC-436E-8DB6-90EF30835F9F}.LIB ASM Debug|x64.ActiveCfg = Debug|x64
		{FED394C2-85EC-436E-8DB6-90EF30835F9F}.LIB ASM Debug|x64.Build.0 = Debug|x64
		{FED394C2-85EC-436E-8DB6-90EF30835F9F}.LIB ASM Release|Win32.ActiveCfg = Release|Win32
		{FED394C2-85EC-436E-8DB6-90EF30835F9F}.LIB ASM Release|Win32.Build.0 = Release|Win32
		{FED394C2-85EC-436E-8DB6-90EF30835F9F}.LIB ASM Release|x64.ActiveCfg = Release|x64
		{FED394C2-85EC-436E-8DB6-90EF30835F9F}.LIB ASM Release|x64.Build.0 = Release|x64
		{FED394C2-85EC-436E-8DB6-90EF30835F9F}.LIB Debug|Win32.ActiveCfg = Debug|Win32
		{FED394C2-85EC-436E-8DB6-90EF30835F9F}.LIB Debug|Win32.Build.0 = Debug|Win32
		{FED394C2-85EC-436E-8DB6-90EF30835F9F}.LIB Debug|x64.ActiveCfg = Debug|x64
		{FED394C2-85EC-436E-8DB6-90EF30835F9F}.LIB Debug|x64.Build.0 = Debug|x64
		{FED394C2-85EC-436E-8DB6-90EF30835F9F}.LIB Release|Win32.ActiveCfg = Release|Win32
		{FED394C2-85EC-436E-8DB6-90EF30835F9F}.LIB Release|Win32.Build.0 = Release|Win32
		{FED394C2-85EC-436E-8DB6-90EF30835F9F}.LIB Release|x64.ActiveCfg = Release|x64
		{FED394C2-85EC-436E-8DB6-90EF30835F9F}.LIB Release|x64.Build.0 = Release|x64
		{FED394C2-85EC-436E-8DB6-90EF30835F9F}.Release Multithreaded|Win32.ActiveCfg = Release|Win32
		{FED394C2-85EC-436E-8DB6-90EF30835F9F}.Release Multithreaded|Win32.Build.0 = Release|Win32
		{FED394C2-85EC-436E-8DB6-90EF30835F9F}.Release Multithreaded|x64.ActiveCfg = Release|x64
		{FED394C2-85EC-436E-8DB6-90EF30835F9F}.Release Multithreaded|x64.Build.0 = Release|x64
		{FED394C2-85EC-436E-8DB6-90EF30835F9F}.Release Singlethreaded|Win32.ActiveCfg = Release|Win32
		{FED394C2-85EC-436E-8DB6-90EF30835F9F}.Release Singlethreaded|Win32.Build.0 = Release|Win32
		{FED394C2-85EC-436E-8DB6-90EF30835F9F}.Release Singlethreaded|x64.ActiveCfg = Release|x64
		{FED394C2-85EC-436E-8DB6-90EF30835F9F}.Release Singlethreaded|x64.Build.0 = Release|x64
		{FED394C2-85EC-436E-8DB6-90EF30835F9F}.Release|Win32.ActiveCfg = Release|Win32
		{FED394C2-85EC-436E-8DB6-90EF30835F9F}.Release|Win32.Build.0 = Release|Win32
		{FED394C2-85EC-436E-8DB6-90EF30835F9F}.Release|x64.ActiveCfg = Release|x64
		{FED394C2-85EC-436E-8DB6-90EF30835F9F}.Release|x64.Build.0 = Release|x64
		{27489FC8-6E9F-4D25-B29C-3BBB982C65F5}.Debug Multithreaded|Win32.ActiveCfg = Debug|Win32
		{27489FC8-6E9F-4D25-B29C-3BBB982C65F5}.Debug Multithreaded|Win32.Build.0 = Debug|Win32
		{27489FC8-6E9F-4D25-B29C-3BBB982C65F5}.Debug Multithreaded|x64.ActiveCfg = Debug|x64
		{27489FC8-6E9F-4D25-B29C-3BBB982C65F5}.Debug Multithreaded|x64.Build.0 = Debug|x64
		{27489FC8-6E9F-4D25-B29C-3BBB982C65F5}.Debug Singlethreaded|Win32.ActiveCfg = Debug|Win32
		{27489FC8-6E9F-4D25-B29C-3BBB982C65F5}.Debug Singlethreaded|Win32.Build.0 = Debug|Win32
		{27489FC8-6E9F-4D25-B29C-3BBB982C65F5}.Debug Singlethreaded|x64.ActiveCfg = Debug|x64
		{27489FC8-6E9F-4D25-B29C-3BBB982C65F5}.Debug Singlethreaded|x64.Build.0 = Debug|x64
		{27489FC8-6E9F-4D25-B29C-3BBB982C65F5}.Debug|Win32.ActiveCfg = Debug|Win32
		{27489FC8-6E9F-4D25-B29C-3BBB982C65F5}.Debug|Win32.Build.0 = Debug|Win32
		{27489FC8-6E9F-4D25-B29C-3BBB982C65F5}.Debug|x64.ActiveCfg = Debug|x64
		{27489FC8-6E9F-4D25-B29C-3BBB982C65F5}.Debug|x64.Build.0 = Debug|x64
		{27489FC8-6E9F-4D25-B29C-3BBB982C65F5}.DLL ASM Debug|Win32.ActiveCfg = Debug|Win32
		{27489FC8-6E9F-4D25-B29C-3BBB982C65F5}.DLL ASM Debug|Win32.Build.0 = Debug|Win32
		{27489FC8-6E9F-4D25-B29C-3BBB982C65F5}.DLL ASM Debug|x64.ActiveCfg = Debug|x64
		{27489FC8-6E9F-4D25-B29C-3BBB982C65F5}.DLL ASM Debug|x64.Build.0 = Debug|x64
		{27489FC8-6E9F-4D25-B29C-3BBB982C65F5}.DLL ASM Release|Win32.ActiveCfg = Release|Win32
		{27489FC8-6E9F-4D25-B29C-3BBB982C65F5}.DLL ASM Release|Win32.Build.0 = Release|Win32
		{27489FC8-6E9F-4D25-B29C-3BBB982C65F5}.DLL ASM Release|x64.ActiveCfg = Release|x64
		{27489FC8-6E9F-4D25-B29C-3BBB982C65F5}.DLL ASM Release|x64.Build.0 = Release|x64
		{27489FC8-6E9F-4D25-B29C-3BBB982C65F5}.DLL Debug|Win32.ActiveCfg = Debug|Win32
		{27489FC8-6E9F-4D25-B29C-3BBB982C65F5}.DLL Debug|Win32.Build.0 = Debug|Win32
		{27489FC8-6E9F-4D25-B29C-3BBB982C65F5}.DLL Debug|x64.ActiveCfg = Debug|x64
		{27489FC8-6E9F-4D25-B29C-3BBB982C65F5}.DLL Debug|x64.Build.0 = Debug|x64
		{27489FC8-6E9F-4D25-B29C-3BBB982C65F5}.DLL Release|Win32.ActiveCfg = Release|Win32
		{27489FC8-6E9F-4D25-B29C-3BBB982C65F5}.DLL Release|Win32.Build.0 = Release|Win32
		{27489FC8-6E9F-4D25-B29C-3BBB982C65F5}.DLL Release|x64.ActiveCfg = Release|x64
		{27489FC8-6E9F-4D25-B29C-3BBB982C65F5}.DLL Release|x64.Build.0 = Release|x64
		{27489FC8-6E9F-4D25-B29C-3BBB982C65F5}.DLL VB|Win32.ActiveCfg = Debug|Win32
		{27489FC8-6E9F-4D25-B29C-3BBB982C65F5}.DLL VB|Win32.Build.0 = Debug|Win32
		{27489FC8-6E9F-4D25-B29C-3BBB982C65F5}.DLL VB|x64.ActiveCfg = Debug|x64
		{27489FC8-6E9F-4D25-B29C-3BBB982C65F5}.DLL VB|x64.Build.0 = Debug|x64
		{27489FC8-6E9F-4D25-B29C-3BBB982C65F5}.LIB ASM Debug|Win32.ActiveCfg = Debug|Win32
		{27489FC8-6E9F-4D25-B29C-3BBB982C65F5}.LIB ASM Debug|Win32.Build.0 = Debug|Win32
		{27489FC8-6E9F-4D25-B29C-3BBB982C65F5}.LIB ASM Debug|x64.ActiveCfg = Debug|x64
		{27489FC8-6E9F-4D25-B29C-3BBB982C65F5}.LIB ASM Debug|x64.Build.0 = Debug|x64
		{27489FC8-6E9F-4D25-B29C-3BBB982C65F5}.LIB ASM Release|Win32.ActiveCfg = Release|Win32
		{27489FC8-6E9F-4D25-B29C-3BBB982C65F5}.LIB ASM Release|Win32.Build.0 = Release|Win32
		{27489FC8-6E9F-4D25-B29C-3BBB982C65F5}.LIB ASM Release|x64.ActiveCfg = Release|x64
		{27489FC8-6E9F-4D25-B29C-3BBB982C65F5}.LIB ASM Release|x64.Build.0 = Release|x64
		{27489FC8-6E9F-4D25-B29C-3BBB982C65F5}.LIB Debug|Win32.ActiveCfg = Debug|Win32
		{27489FC8-6E9F-4D25-B29C-3BBB982C65F5}.LIB Debug|Win32.Build.0 = Debug|Win32
		{27489FC8-6E9F-4D25-B29C-3BBB982C65F5}.LIB Debug|x64.ActiveCfg = Debug|x64
		{27489FC8-6E9F-4D25-B29C-3BBB982C65F5}.LIB Debug|x64.Build.0 = Debug|x64
		{27489FC8-6E9F-4D25-B29C-3BBB982C65F5}.LIB Release|Win32.ActiveCfg = Release|Win32
		{27489FC8-6E9F-4D25-B29C-3BBB982C65F5}.LIB Release|Win32.Build.0 = Release|Win32
		{27489FC8-6E9F-4D25-B29C-3BBB982C65F5}.LIB Release|x64.ActiveCfg = Release|x64
		{27489FC8-6E9F-4D25-B29C-3BBB982C65F5}.LIB Release|x64.Build.0 = Release|x64
		{27489FC8-6E9F-4D25-B29C-3BBB982C65F5}.Release Multithreaded|Win32.ActiveCfg = Release|Win32
		{27489FC8-6E9F-4D25-B29C-3BBB982C65F5}.Release Multithreaded|Win32.Build.0 = Release|Win32
		{27489FC8-6E9F-4D25-B29C-3BBB982C65F5}.Release Multithreaded|x64.ActiveCfg = Release|x64
		{27489FC8-6E9F-4D25-B29C-3BBB982C65F5}.Release Multithreaded|x64.Build.0 = Release|x64
		{27489FC8-6E9F-4D25-B29C-3BBB982C65F5}.Release Singlethreaded|Win32.ActiveCfg = Release|Win32
		{27489FC8-6E9F-4D25-B29C-3BBB982C65F5}.Release Singlethreaded|Win32.Build.0 = Release|Win32
		{27489FC8-6E9F-4D25-B29C-3BBB982C65F5}.Release Singlethreaded|x64.ActiveCfg = Release|x64
		{27489FC8-6E9F-4D25-B29C-3BBB982C65F5}.Release Singlethreaded|x64.Build.0 = Release|x64
		{27489FC8-6E9F-4D25-B29C-3BBB982C65F5}.Release|Win32.ActiveCfg = Release|Win32
		{27489FC8-6E9F-4D25-B29C-3BBB982C65F5}.Release|Win32.Build.0 = Release|Win32
		{27489FC8-6E9F-4D25-B29C-3BBB982C65F5}.Release|x64.ActiveCfg = Release|x64
		{27489FC8-6E9F-4D25-B29C-3BBB982C65F5}.Release|x64.Build.0 = Release|x64
		{089C1067-A9D4-4098-986C-0BA43D734D0D}.Debug Multithreaded|Win32.ActiveCfg = Debug|Win32
		{089C1067-A9D4-4098-986C-0BA43D734D0D}.Debug Multithreaded|Win32.Build.0 = Debug|Win32
		{089C1067-A9D4-4098-986C-0BA43D734D0D}.Debug Multithreaded|Win32.Deploy.0 = Debug|Win32
		{089C1067-A9D4-4098-986C-0BA43D734D0D}.Debug Multithreaded|x64.ActiveCfg = Debug|Win32
		{089C1067-A9D4-4098-986C-0BA43D734D0D}.Debug Multithreaded|x64.Build.0 = Debug|Win32
		{089C1067-A9D4-4098-986C-0BA43D734D0D}.Debug Multithreaded|x64.Deploy.0 = Debug|Win32
		{089C1067-A9D4-4098-986C-0BA43D734D0D}.Debug Singlethreaded|Win32.ActiveCfg = Debug|Win32
		{089C1067-A9D4-4098-986C-0BA43D734D0D}.Debug Singlethreaded|Win32.Build.0 = Debug|Win32
		{089C1067-A9D4-4098-986C-0BA43D734D0D}.Debug Singlethreaded|Win32.Deploy.0 = Debug|Win32
		{089C1067-A9D4-4098-986C-0BA43D734D0D}.Debug Singlethreaded|x64.ActiveCfg = Debug|Win32
		{089C1067-A9D4-4098-986C-0BA43D734D0D}.Debug Singlethreaded|x64.Build.0 = Debug|Win32
		{089C1067-A9D4-4098-986C-0BA43D734D0D}.Debug Singlethreaded|x64.Deploy.0 = Debug|Win32
		{089C1067-A9D4-4098-986C-0BA43D734D0D}.Debug|Win32.ActiveCfg = Debug|Win32
		{089C1067-A9D4-4098-986C-0BA43D734D0D}.Debug|Win32.Build.0 = Debug|Win32
		{089C1067-A9D4-4098-986C-0BA43D734D0D}.Debug|Win32.Deploy.0 = Debug|Win32
		{089C1067-A9D4-4098-986C-0BA43D734D0D}.Debug|x64.ActiveCfg = Debug|Win32
		{089C1067-A9D4-4098-986C-0BA43D734D0D}.DLL ASM Debug|Win32.ActiveCfg = Debug|Win32
		{089C1067-A9D4-4098-986C-0BA43D734D0D}.DLL ASM Debug|Win32.Build.0 = Debug|Win32
		{089C1067-A9D4-4098-986C-0BA43D734D0D}.DLL ASM Debug|Win32.Deploy.0 = Debug|Win32
		{089C1067-A9D4-4098-986C-0BA43D734D0D}.DLL ASM Debug|x64.ActiveCfg = Debug|Win32
		{089C1067-A9D4-4098-986C-0BA43D734D0D}.DLL ASM Debug|x64.Build.0 = Debug|Win32
		{089C1067-A9D4-4098-986C-0BA43D734D0D}.DLL ASM Debug|x64.Deploy.0 = Debug|Win32
		{089C1067-A9D4-4098-986C-0BA43D734D0D}.DLL ASM Release|Win32.ActiveCfg = Release|Win32
		{089C1067-A9D4-4098-986C-0BA43D734D0D}.DLL ASM Release|Win32.Build.0 = Release|Win32
		{089C1067-A9D4-4098-986C-0BA43D734D0D}.DLL ASM Release|Win32.Deploy.0 = Release|Win32
		{089C1067-A9D4-4098-986C-0BA43D734D0D}.DLL ASM Release|x64.ActiveCfg = Debug|Win32
		{089C1067-A9D4-4098-986C-0BA43D734D0D}.DLL ASM Release|x64.Build.0 = Debug|Win32
		{089C1067-A9D4-4098-986C-0BA43D734D0D}.DLL ASM Release|x64.Deploy.0 = Debug|Win32
		{089C1067-A9D4-4098-986C-0BA43D734D0D}.DLL Debug|Win32.ActiveCfg = Debug|Win32
		{089C1067-A9D4-4098-986C-0BA43D734D0D}.DLL Debug|Win32.Build.0 = Debug|Win32
		{089C1067-A9D4-4098-986C-0BA43D734D0D}.DLL Debug|Win32.Deploy.0 = Debug|Win32
		{089C1067-A9D4-4098-986C-0BA43D734D0D}.DLL Debug|x64.ActiveCfg = Debug|Win32
		{089C1067-A9D4-4098-986C-0BA43D734D0D}.DLL Debug|x64.Build.0 = Debug|Win32
		{089C1067-A9D4-4098-986C-0BA43D734D0D}.DLL Debug|x64.Deploy.0 = Debug|Win32
		{089C1067-A9D4-4098-986C-0BA43D734D0D}.DLL Release|Win32.ActiveCfg = Release|Win32
		{089C1067-A9D4-4098-986C-0BA43D734D0D}.DLL Release|Win32.Build.0 = Release|Win32
		{089C1067-A9D4-4098-986C-0BA43D734D0D}.DLL Release|Win32.Deploy.0 = Release|Win32
		{089C1067-A9D4-4098-986C-0BA43D734D0D}.DLL Release|x64.ActiveCfg = Debug|Win32
		{089C1067-A9D4-4098-986C-0BA43D734D0D}.DLL Release|x64.Build.0 = Debug|Win32
		{089C1067-A9D4-4098-986C-0BA43D734D0D}.DLL Release|x64.Deploy.0 = Debug|Win32
		{089C1067-A9D4-4098-986C-0BA43D734D0D}.DLL VB|Win32.ActiveCfg = Debug|Win32
		{089C1067-A9D4-4098-986C-0BA43D734D0D}.DLL VB|Win32.Build.0 = Debug|Win32
		{089C1067-A9D4-4098-986C-0BA43D734D0D}.DLL VB|Win32.Deploy.0 = Debug|Win32
		{089C1067-A9D4-4098-986C-0BA43D734D0D}.DLL VB|x64.ActiveCfg = Debug|Win32
		{089C1067-A9D4-4098-986C-0BA43D734D0D}.DLL VB|x64.Build.0 = Debug|Win32
		{089C1067-A9D4-4098-986C-0BA43D734D0D}.DLL VB|x64.Deploy.0 = Debug|Win32
		{089C1067-A9D4-4098-986C-0BA43D734D0D}.LIB ASM Debug|Win32.ActiveCfg = Debug|Win32
		{089C1067-A9D4-4098-986C-0BA43D734D0D}.LIB ASM Debug|Win32.Build.0 = Debug|Win32
		{089C1067-A9D4-4098-986C-0BA43D734D0D}.LIB ASM Debug|Win32.Deploy.0 = Debug|Win32
		{089C1067-A9D4-4098-986C-0BA43D734D0D}.LIB ASM Debug|x64.ActiveCfg = Debug|Win32
		{089C1067-A9D4-4098-986C-0BA43D734D0D}.LIB ASM Debug|x64.Build.0 = Debug|Win32
		{089C1067-A9D4-4098-986C-0BA43D734D0D}.LIB ASM Debug|x64.Deploy.0 = Debug|Win32
		{089C1067-A9D4-4098-986C-0BA43D734D0D}.LIB ASM Release|Win32.ActiveCfg = Release|Win32
		{089C1067-A9D4-4098-986C-0BA43D734D0D}.LIB ASM Release|Win32.Build.0 = Release|Win32
		{089C1067-A9D4-4098-986C-0BA43D734D0D}.LIB ASM Release|Win32.Deploy.0 = Release|Win32
		{089C1067-A9D4-4098-986C-0BA43D734D0D}.LIB ASM Release|x64.ActiveCfg = Debug|Win32
		{089C1067-A9D4-4098-986C-0BA43D734D0D}.LIB ASM Release|x64.Build.0 = Debug|Win32
		{089C1067-A9D4-4098-986C-0BA43D734D0D}.LIB ASM Release|x64.Deploy.0 = Debug|Win32
		{089C1067-A9D4-4098-986C-0BA43D734D0D}.LIB Debug|Win32.ActiveCfg = Debug|Win32
		{089C1067-A9D4-4098-986C-0BA43D734D0D}.LIB Debug|Win32.Build.0 = Debug|Win32
		{089C1067-A9D4-4098-986C-0BA43D734D0D}.LIB Debug|Win32.Deploy.0 = Debug|Win32
		{089C1067-A9D4-4098-986C-0BA43D734D0D}.LIB Debug|x64.ActiveCfg = Debug|Win32
		{089C1067-A9D4-4098-986C-0BA43D734D0D}.LIB Debug|x64.Build.0 = Debug|Win32
		{089C1067-A9D4-4098-986C-0BA43D734D0D}.LIB Debug|x64.Deploy.0 = Debug|Win32
		{089C1067-A9D4-4098-986C-0BA43D734D0D}.LIB Release|Win32.ActiveCfg = Release|Win32
		{089C1067-A9D4-4098-986C-0BA43D734D0D}.LIB Release|Win32.Build.0 = Release|Win32
		{089C1067-A9D4-4098-986C-0BA43D734D0D}.LIB Release|Win32.Deploy.0 = Release|Win32
		{089C1067-A9D4-4098-986C-0BA43D734D0D}.LIB Release|x64.ActiveCfg = Debug|Win32
		{089C1067-A9D4-4098-986C-0BA43D734D0D}.LIB Release|x64.Build.0 = Debug|Win32
		{089C1067-A9D4-4098-986C-0BA43D734D0D}.LIB Release|x64.Deploy.0 = Debug|Win32
		{089C1067-A9D4-4098-986C-0BA43D734D0D}.Release Multithreaded|Win32.ActiveCfg = Release|Win32
		{089C1067-A9D4-4098-986C-0BA43D734D0D}.Release Multithreaded|Win32.Build.0 = Release|Win32
		{089C1067-A9D4-4098-986C-0BA43D734D0D}.Release Multithreaded|Win32.Deploy.0 = Release|Win32
		{089C1067-A9D4-4098-986C-0BA43D734D0D}.Release Multithreaded|x64.ActiveCfg = Debug|Win32
		{089C1067-A9D4-4098-986C-0BA43D734D0D}.Release Multithreaded|x64.Build.0 = Debug|Win32
		{089C1067-A9D4-4098-986C-0BA43D734D0D}.Release Multithreaded|x64.Deploy.0 = Debug|Win32
		{089C1067-A9D4-4098-986C-0BA43D734D0D}.Release Singlethreaded|Win32.ActiveCfg = Release|Win32
		{089C1067-A9D4-4098-986C-0BA43D734D0D}.Release Singlethreaded|Win32.Build.0 = Release|Win32
		{089C1067-A9D4-4098-986C-0BA43D734D0D}.Release Singlethreaded|Win32.Deploy.0 = Release|Win32
		{089C1067-A9D4-4098-986C-0BA43D734D0D}.Release Singlethreaded|x64.ActiveCfg = Debug|Win32
		{089C1067-A9D4-4098-986C-0BA43D734D0D}.Release Singlethreaded|x64.Build.0 = Debug|Win32
		{089C1067-A9D4-4098-986C-0BA43D734D0D}.Release Singlethreaded|x64.Deploy.0 = Debug|Win32
		{089C1067-A9D4-4098-986C-0BA43D734D0D}.Release|Win32.ActiveCfg = Release|Win32
		{089C1067-A9D4-4098-986C-0BA43D734D0D}.Release|Win32.Build.0 = Release|Win32
		{089C1067-A9D4-4098-986C-0BA43D734D0D}.Release|Win32.Deploy.0 = Release|Win32
		{089C1067-A9D4-4098-986C-0BA43D734D0D}.Release|x64.ActiveCfg = Release|Win32
	EndGlobalSection
	GlobalSection(SolutionProperties) = preSolution
		HideSolutionNode = FALSE
	EndGlobalSection
	GlobalSection(NestedProjects) = preSolution
		{0008960E-E0DD-41A6-8265-00B31DDB4C21} = {201A8282-37C4-4589-98EA-8BCEC75BF1E3}
		{2D4F8105-7D21-454C-9932-B47CAB71A5C0} = {201A8282-37C4-4589-98EA-8BCEC75BF1E3}
		{66E3CE14-884D-4AEA-9F20-15A0BEAF8C5A} = {201A8282-37C4-4589-98EA-8BCEC75BF1E3}
		{753E99FE-1FF5-4503-8CF6-33E6CDED0B2D} = {201A8282-37C4-4589-98EA-8BCEC75BF1E3}
		{78B079BD-9FC7-4B9E-B4A6-96DA0F00248B} = {753E99FE-1FF5-4503-8CF6-33E6CDED0B2D}
		{DDDBD07D-DC76-4AF6-8D02-3E2DEB6EE255} = {753E99FE-1FF5-4503-8CF6-33E6CDED0B2D}
		{235B5088-A013-479A-8C28-C5ED38DD5A41} = {753E99FE-1FF5-4503-8CF6-33E6CDED0B2D}
		{D31C39A4-F640-4936-98A0-BAB7AD1273AD} = {753E99FE-1FF5-4503-8CF6-33E6CDED0B2D}
		{089C1067-A9D4-4098-986C-0BA43D734D0D} = {201A8282-37C4-4589-98EA-8BCEC75BF1E3}
	EndGlobalSection
	GlobalSection(ExtensibilityGlobals) = postSolution
		SolutionGuid = {1502CA00-5D08-4D6D-A847-0DF4FB7505F1}
	EndGlobalSection
EndGlobal
