
Microsoft Visual Studio Solution File, Format Version 9.00
# Visual Studio 2005
Project("{8BC9CEB8-8B4A-11D0-8D11-00A0C91BC942}") = "example", "example.vcproj", "{301FB289-EFF5-4B37-B5DA-D29D42A1AC79}"
	ProjectSection(ProjectDependencies) = postProject
		{EC54E0C8-1329-486F-BF4D-D9785219A1FB} = {EC54E0C8-1329-486F-BF4D-D9785219A1FB}
	EndProjectSection
EndProject
Project("{8BC9CEB8-8B4A-11D0-8D11-00A0C91BC942}") = "minigzip", "minigzip.vcproj", "{1801A495-F69B-46B1-B24B-11E2BEFA6BC2}"
	ProjectSection(ProjectDependencies) = postProject
		{EC54E0C8-1329-486F-BF4D-D9785219A1FB} = {EC54E0C8-1329-486F-BF4D-D9785219A1FB}
	EndProjectSection
EndProject
Project("{8BC9CEB8-8B4A-11D0-8D11-00A0C91BC942}") = "zlib", "zlib.vcproj", "{EC54E0C8-1329-486F-BF4D-D9785219A1FB}"
EndProject
Global
	GlobalSection(SolutionConfigurationPlatforms) = preSolution
		DLL ASM Debug|Win32 = DLL ASM Debug|Win32
		DLL ASM Release|Win32 = DLL ASM Release|Win32
		DLL Debug|Win32 = DLL Debug|Win32
		DLL Release|Win32 = DLL Release|Win32
		LIB ASM Debug|Win32 = LIB ASM Debug|Win32
		LIB ASM Release|Win32 = LIB ASM Release|Win32
		LIB Debug|Win32 = LIB Debug|Win32
		LIB Release|Win32 = LIB Release|Win32
	EndGlobalSection
	GlobalSection(ProjectConfigurationPlatforms) = postSolution
		{301FB289-EFF5-4B37-B5DA-D29D42A1AC79}.DLL ASM Debug|Win32.ActiveCfg = DLL ASM Debug|Win32
		{301FB289-EFF5-4B37-B5DA-D29D42A1AC79}.DLL ASM Debug|Win32.Build.0 = DLL ASM Debug|Win32
		{301FB289-EFF5-4B37-B5DA-D29D42A1AC79}.DLL ASM Release|Win32.ActiveCfg = DLL ASM Release|Win32
		{301FB289-EFF5-4B37-B5DA-D29D42A1AC79}.DLL ASM Release|Win32.Build.0 = DLL ASM Release|Win32
		{301FB289-EFF5-4B37-B5DA-D29D42A1AC79}.DLL Debug|Win32.ActiveCfg = DLL Debug|Win32
		{301FB289-EFF5-4B37-B5DA-D29D42A1AC79}.DLL Debug|Win32.Build.0 = DLL Debug|Win32
		{301FB289-EFF5-4B37-B5DA-D29D42A1AC79}.DLL Release|Win32.ActiveCfg = DLL Release|Win32
		{301FB289-EFF5-4B37-B5DA-D29D42A1AC79}.DLL Release|Win32.Build.0 = DLL Release|Win32
		{301FB289-EFF5-4B37-B5DA-D29D42A1AC79}.LIB ASM Debug|Win32.ActiveCfg = LIB ASM Debug|Win32
		{301FB289-EFF5-4B37-B5DA-D29D42A1AC79}.LIB ASM Debug|Win32.Build.0 = LIB ASM Debug|Win32
		{301FB289-EFF5-4B37-B5DA-D29D42A1AC79}.LIB ASM Release|Win32.ActiveCfg = LIB ASM Release|Win32
		{301FB289-EFF5-4B37-B5DA-D29D42A1AC79}.LIB ASM Release|Win32.Build.0 = LIB ASM Release|Win32
		{301FB289-EFF5-4B37-B5DA-D29D42A1AC79}.LIB Debug|Win32.ActiveCfg = LIB Debug|Win32
		{301FB289-EFF5-4B37-B5DA-D29D42A1AC79}.LIB Debug|Win32.Build.0 = LIB Debug|Win32
		{301FB289-EFF5-4B37-B5DA-D29D42A1AC79}.LIB Release|Win32.ActiveCfg = LIB Release|Win32
		{301FB289-EFF5-4B37-B5DA-D29D42A1AC79}.LIB Release|Win32.Build.0 = LIB Release|Win32
		{1801A495-F69B-46B1-B24B-11E2BEFA6BC2}.DLL ASM Debug|Win32.ActiveCfg = DLL ASM Debug|Win32
		{1801A495-F69B-46B1-B24B-11E2BEFA6BC2}.DLL ASM Debug|Win32.Build.0 = DLL ASM Debug|Win32
		{1801A495-F69B-46B1-B24B-11E2BEFA6BC2}.DLL ASM Release|Win32.ActiveCfg = DLL ASM Release|Win32
		{1801A495-F69B-46B1-B24B-11E2BEFA6BC2}.DLL ASM Release|Win32.Build.0 = DLL ASM Release|Win32
		{1801A495-F69B-46B1-B24B-11E2BEFA6BC2}.DLL Debug|Win32.ActiveCfg = DLL Debug|Win32
		{1801A495-F69B-46B1-B24B-11E2BEFA6BC2}.DLL Debug|Win32.Build.0 = DLL Debug|Win32
		{1801A495-F69B-46B1-B24B-11E2BEFA6BC2}.DLL Release|Win32.ActiveCfg = DLL Release|Win32
		{1801A495-F69B-46B1-B24B-11E2BEFA6BC2}.DLL Release|Win32.Build.0 = DLL Release|Win32
		{1801A495-F69B-46B1-B24B-11E2BEFA6BC2}.LIB ASM Debug|Win32.ActiveCfg = LIB ASM Debug|Win32
		{1801A495-F69B-46B1-B24B-11E2BEFA6BC2}.LIB ASM Debug|Win32.Build.0 = LIB ASM Debug|Win32
		{1801A495-F69B-46B1-B24B-11E2BEFA6BC2}.LIB ASM Release|Win32.ActiveCfg = LIB ASM Release|Win32
		{1801A495-F69B-46B1-B24B-11E2BEFA6BC2}.LIB ASM Release|Win32.Build.0 = LIB ASM Release|Win32
		{1801A495-F69B-46B1-B24B-11E2BEFA6BC2}.LIB Debug|Win32.ActiveCfg = LIB Debug|Win32
		{1801A495-F69B-46B1-B24B-11E2BEFA6BC2}.LIB Debug|Win32.Build.0 = LIB Debug|Win32
		{1801A495-F69B-46B1-B24B-11E2BEFA6BC2}.LIB Release|Win32.ActiveCfg = LIB Release|Win32
		{1801A495-F69B-46B1-B24B-11E2BEFA6BC2}.LIB Release|Win32.Build.0 = LIB Release|Win32
		{EC54E0C8-1329-486F-BF4D-D9785219A1FB}.DLL ASM Debug|Win32.ActiveCfg = DLL ASM Debug|Win32
		{EC54E0C8-1329-486F-BF4D-D9785219A1FB}.DLL ASM Debug|Win32.Build.0 = DLL ASM Debug|Win32
		{EC54E0C8-1329-486F-BF4D-D9785219A1FB}.DLL ASM Release|Win32.ActiveCfg = DLL ASM Release|Win32
		{EC54E0C8-1329-486F-BF4D-D9785219A1FB}.DLL ASM Release|Win32.Build.0 = DLL ASM Release|Win32
		{EC54E0C8-1329-486F-BF4D-D9785219A1FB}.DLL Debug|Win32.ActiveCfg = DLL Debug|Win32
		{EC54E0C8-1329-486F-BF4D-D9785219A1FB}.DLL Debug|Win32.Build.0 = DLL Debug|Win32
		{EC54E0C8-1329-486F-BF4D-D9785219A1FB}.DLL Release|Win32.ActiveCfg = DLL Release|Win32
		{EC54E0C8-1329-486F-BF4D-D9785219A1FB}.DLL Release|Win32.Build.0 = DLL Release|Win32
		{EC54E0C8-1329-486F-BF4D-D9785219A1FB}.LIB ASM Debug|Win32.ActiveCfg = LIB ASM Debug|Win32
		{EC54E0C8-1329-486F-BF4D-D9785219A1FB}.LIB ASM Debug|Win32.Build.0 = LIB ASM Debug|Win32
		{EC54E0C8-1329-486F-BF4D-D9785219A1FB}.LIB ASM Release|Win32.ActiveCfg = LIB ASM Release|Win32
		{EC54E0C8-1329-486F-BF4D-D9785219A1FB}.LIB ASM Release|Win32.Build.0 = LIB ASM Release|Win32
		{EC54E0C8-1329-486F-BF4D-D9785219A1FB}.LIB Debug|Win32.ActiveCfg = LIB Debug|Win32
		{EC54E0C8-1329-486F-BF4D-D9785219A1FB}.LIB Debug|Win32.Build.0 = LIB Debug|Win32
		{EC54E0C8-1329-486F-BF4D-D9785219A1FB}.LIB Release|Win32.ActiveCfg = LIB Release|Win32
		{EC54E0C8-1329-486F-BF4D-D9785219A1FB}.LIB Release|Win32.Build.0 = LIB Release|Win32
	EndGlobalSection
	GlobalSection(SolutionProperties) = preSolution
		HideSolutionNode = FALSE
	EndGlobalSection
EndGlobal
