<?xml version="1.0" encoding="utf-8"?>
<Project ToolsVersion="4.0" xmlns="http://schemas.microsoft.com/developer/msbuild/2003">
  <ItemGroup>
    <Filter Include="Source Files">
      <UniqueIdentifier>{4FC737F1-C7A5-4376-A066-2A32D752A2FF}</UniqueIdentifier>
      <Extensions>cpp;c;cc;cxx;def;odl;idl;hpj;bat;asm;asmx</Extensions>
    </Filter>
    <Filter Include="Header Files">
      <UniqueIdentifier>{93995380-89BD-4b04-88EB-625FBE52EBFB}</UniqueIdentifier>
      <Extensions>h;hh;hpp;hxx;hm;inl;inc;xsd</Extensions>
    </Filter>
    <Filter Include="Lib">
      <UniqueIdentifier>{7c2e0c9e-e221-4e29-ac8e-d0f97c934f7b}</UniqueIdentifier>
    </Filter>
    <Filter Include="Source Files\util">
      <UniqueIdentifier>{2cf11320-1abb-499c-85b3-8844eff95a5f}</UniqueIdentifier>
    </Filter>
    <Filter Include="Source Files\lualib">
      <UniqueIdentifier>{d48c80a4-7a7a-46d1-8690-640cb1761810}</UniqueIdentifier>
    </Filter>
  </ItemGroup>
  <ItemGroup>
    <ClCompile Include="init.cpp">
      <Filter>Source Files</Filter>
    </ClCompile>
    <ClCompile Include="memory.cpp">
      <Filter>Source Files\util</Filter>
    </ClCompile>
    <ClCompile Include="unimod.cpp">
      <Filter>Source Files</Filter>
    </ClCompile>
    <ClCompile Include="console.cpp">
      <Filter>Source Files</Filter>
    </ClCompile>
    <ClCompile Include="lua_unimod.cpp">
      <Filter>Source Files\util</Filter>
    </ClCompile>
    <ClCompile Include="lualib\lbaselib.cpp">
      <Filter>Source Files\lualib</Filter>
    </ClCompile>
    <ClCompile Include="lualib\linit.cpp">
      <Filter>Source Files\lualib</Filter>
    </ClCompile>
    <ClCompile Include="lualib\lmathlib.cpp">
      <Filter>Source Files\lualib</Filter>
    </ClCompile>
    <ClCompile Include="lualib\ltablib.cpp">
      <Filter>Source Files\lualib</Filter>
    </ClCompile>
    <ClCompile Include="lualib\lstrlib.cpp">
      <Filter>Source Files\lualib</Filter>
    </ClCompile>
    <ClCompile Include="config.cpp">
      <Filter>Source Files</Filter>
    </ClCompile>
    <ClCompile Include="lualib\ldblib.cpp">
      <Filter>Source Files\lualib</Filter>
    </ClCompile>
  </ItemGroup>
  <ItemGroup>
    <ClInclude Include="memory.h">
      <Filter>Header Files</Filter>
    </ClInclude>
    <ClInclude Include="unimod.h">
      <Filter>Header Files</Filter>
    </ClInclude>
    <ClInclude Include="console.h">
      <Filter>Header Files</Filter>
    </ClInclude>
    <ClInclude Include="lualib\lualib.h">
      <Filter>Header Files</Filter>
    </ClInclude>
    <ClInclude Include="lua_unimod.h">
      <Filter>Header Files</Filter>
    </ClInclude>
    <ClInclude Include="config.h">
      <Filter>Header Files</Filter>
    </ClInclude>
  </ItemGroup>
  <ItemGroup>
    <Library Include="..\lua-5.1.5\lua-5.1.5.lib">
      <Filter>Lib</Filter>
    </Library>
  </ItemGroup>
</Project>